
Microsoft Visual Studio Solution File, Format Version 12.00
# Visual Studio 15
VisualStudioVersion = 15.0.27004.2009
MinimumVisualStudioVersion = 10.0.40219.1
Project("{FAE04EC0-301F-11D3-BF4B-00C04F79EFBC}") = "Share.Plugin.iOS", "Share\Share.Plugin.iOS\Share.Plugin.iOS.csproj", "{2882AEEB-D4CD-4EB9-8A6C-6653B33681F0}"
EndProject
Project("{FAE04EC0-301F-11D3-BF4B-00C04F79EFBC}") = "Share.Plugin.Android", "Share\Share.Plugin.Android\Share.Plugin.Android.csproj", "{56A56F17-7DE1-4CA1-9617-BF32E971AC84}"
EndProject
Project("{2150E333-8FDC-42A3-9474-1A3956D46DE8}") = "Solution Items", "Solution Items", "{72960D27-CDC8-47F6-A733-0B9D9CA3E2E2}"
	ProjectSection(SolutionItems) = preProject
		.editorconfig = .editorconfig
		appveyor.yml = appveyor.yml
		bootstrapper.ps1 = bootstrapper.ps1
		build.cake = build.cake
		README.md = README.md
		Share.Plugin.nuspec = Share.Plugin.nuspec
	EndProjectSection
EndProject
Project("{FAE04EC0-301F-11D3-BF4B-00C04F79EFBC}") = "Share.Plugin.UWP", "Share\Share.Plugin.UWP\Share.Plugin.UWP.csproj", "{D723D9F6-7DDC-4208-AD38-F67C58CC7574}"
EndProject
Project("{2150E333-8FDC-42A3-9474-1A3956D46DE8}") = "Shared", "Shared", "{175DAAE6-57D6-4035-955C-3FBBE58E1FBE}"
EndProject
Project("{9A19103F-16F7-4668-BE54-9A1E7A4F7556}") = "Share.Plugin", "Share\Share.Plugin\Share.Plugin.csproj", "{65A58A4B-512B-4296-9ABF-8713837352A5}"
EndProject
Project("{9A19103F-16F7-4668-BE54-9A1E7A4F7556}") = "Share.Plugin.Abstractions", "Share\Share.Plugin.Abstractions\Share.Plugin.Abstractions.csproj", "{59B706E6-4B1D-415C-BDD0-DA7AFF4547C5}"
EndProject
Project("{9A19103F-16F7-4668-BE54-9A1E7A4F7556}") = "Share.Plugin.Tizen", "Share\Share.Plugin.Tizen\Share.Plugin.Tizen.csproj", "{4F198547-703E-4A2E-BC8F-FC71BE7DC6B0}"
EndProject
Global
	GlobalSection(SolutionConfigurationPlatforms) = preSolution
		Ad-Hoc|Any CPU = Ad-Hoc|Any CPU
		Ad-Hoc|ARM = Ad-Hoc|ARM
		Ad-Hoc|iPhone = Ad-Hoc|iPhone
		Ad-Hoc|iPhoneSimulator = Ad-Hoc|iPhoneSimulator
		Ad-Hoc|Mixed Platforms = Ad-Hoc|Mixed Platforms
		Ad-Hoc|x64 = Ad-Hoc|x64
		Ad-Hoc|x86 = Ad-Hoc|x86
		AppStore|Any CPU = AppStore|Any CPU
		AppStore|ARM = AppStore|ARM
		AppStore|iPhone = AppStore|iPhone
		AppStore|iPhoneSimulator = AppStore|iPhoneSimulator
		AppStore|Mixed Platforms = AppStore|Mixed Platforms
		AppStore|x64 = AppStore|x64
		AppStore|x86 = AppStore|x86
		Debug|Any CPU = Debug|Any CPU
		Debug|ARM = Debug|ARM
		Debug|iPhone = Debug|iPhone
		Debug|iPhoneSimulator = Debug|iPhoneSimulator
		Debug|Mixed Platforms = Debug|Mixed Platforms
		Debug|x64 = Debug|x64
		Debug|x86 = Debug|x86
		Release|Any CPU = Release|Any CPU
		Release|ARM = Release|ARM
		Release|iPhone = Release|iPhone
		Release|iPhoneSimulator = Release|iPhoneSimulator
		Release|Mixed Platforms = Release|Mixed Platforms
		Release|x64 = Release|x64
		Release|x86 = Release|x86
	EndGlobalSection
	GlobalSection(ProjectConfigurationPlatforms) = postSolution
		{2882AEEB-D4CD-4EB9-8A6C-6653B33681F0}.Ad-Hoc|Any CPU.ActiveCfg = Release|Any CPU
		{2882AEEB-D4CD-4EB9-8A6C-6653B33681F0}.Ad-Hoc|Any CPU.Build.0 = Release|Any CPU
		{2882AEEB-D4CD-4EB9-8A6C-6653B33681F0}.Ad-Hoc|ARM.ActiveCfg = Release|Any CPU
		{2882AEEB-D4CD-4EB9-8A6C-6653B33681F0}.Ad-Hoc|ARM.Build.0 = Release|Any CPU
		{2882AEEB-D4CD-4EB9-8A6C-6653B33681F0}.Ad-Hoc|iPhone.ActiveCfg = Release|Any CPU
		{2882AEEB-D4CD-4EB9-8A6C-6653B33681F0}.Ad-Hoc|iPhone.Build.0 = Release|Any CPU
		{2882AEEB-D4CD-4EB9-8A6C-6653B33681F0}.Ad-Hoc|iPhoneSimulator.ActiveCfg = Release|Any CPU
		{2882AEEB-D4CD-4EB9-8A6C-6653B33681F0}.Ad-Hoc|iPhoneSimulator.Build.0 = Release|Any CPU
		{2882AEEB-D4CD-4EB9-8A6C-6653B33681F0}.Ad-Hoc|Mixed Platforms.ActiveCfg = Debug|Any CPU
		{2882AEEB-D4CD-4EB9-8A6C-6653B33681F0}.Ad-Hoc|Mixed Platforms.Build.0 = Debug|Any CPU
		{2882AEEB-D4CD-4EB9-8A6C-6653B33681F0}.Ad-Hoc|x64.ActiveCfg = Release|Any CPU
		{2882AEEB-D4CD-4EB9-8A6C-6653B33681F0}.Ad-Hoc|x64.Build.0 = Release|Any CPU
		{2882AEEB-D4CD-4EB9-8A6C-6653B33681F0}.Ad-Hoc|x86.ActiveCfg = Release|Any CPU
		{2882AEEB-D4CD-4EB9-8A6C-6653B33681F0}.Ad-Hoc|x86.Build.0 = Release|Any CPU
		{2882AEEB-D4CD-4EB9-8A6C-6653B33681F0}.AppStore|Any CPU.ActiveCfg = Release|Any CPU
		{2882AEEB-D4CD-4EB9-8A6C-6653B33681F0}.AppStore|Any CPU.Build.0 = Release|Any CPU
		{2882AEEB-D4CD-4EB9-8A6C-6653B33681F0}.AppStore|ARM.ActiveCfg = Release|Any CPU
		{2882AEEB-D4CD-4EB9-8A6C-6653B33681F0}.AppStore|ARM.Build.0 = Release|Any CPU
		{2882AEEB-D4CD-4EB9-8A6C-6653B33681F0}.AppStore|iPhone.ActiveCfg = Release|Any CPU
		{2882AEEB-D4CD-4EB9-8A6C-6653B33681F0}.AppStore|iPhone.Build.0 = Release|Any CPU
		{2882AEEB-D4CD-4EB9-8A6C-6653B33681F0}.AppStore|iPhoneSimulator.ActiveCfg = Release|Any CPU
		{2882AEEB-D4CD-4EB9-8A6C-6653B33681F0}.AppStore|iPhoneSimulator.Build.0 = Release|Any CPU
		{2882AEEB-D4CD-4EB9-8A6C-6653B33681F0}.AppStore|Mixed Platforms.ActiveCfg = Debug|Any CPU
		{2882AEEB-D4CD-4EB9-8A6C-6653B33681F0}.AppStore|Mixed Platforms.Build.0 = Debug|Any CPU
		{2882AEEB-D4CD-4EB9-8A6C-6653B33681F0}.AppStore|x64.ActiveCfg = Release|Any CPU
		{2882AEEB-D4CD-4EB9-8A6C-6653B33681F0}.AppStore|x64.Build.0 = Release|Any CPU
		{2882AEEB-D4CD-4EB9-8A6C-6653B33681F0}.AppStore|x86.ActiveCfg = Release|Any CPU
		{2882AEEB-D4CD-4EB9-8A6C-6653B33681F0}.AppStore|x86.Build.0 = Release|Any CPU
		{2882AEEB-D4CD-4EB9-8A6C-6653B33681F0}.Debug|Any CPU.ActiveCfg = Debug|Any CPU
		{2882AEEB-D4CD-4EB9-8A6C-6653B33681F0}.Debug|Any CPU.Build.0 = Debug|Any CPU
		{2882AEEB-D4CD-4EB9-8A6C-6653B33681F0}.Debug|ARM.ActiveCfg = Debug|Any CPU
		{2882AEEB-D4CD-4EB9-8A6C-6653B33681F0}.Debug|ARM.Build.0 = Debug|Any CPU
		{2882AEEB-D4CD-4EB9-8A6C-6653B33681F0}.Debug|iPhone.ActiveCfg = Debug|Any CPU
		{2882AEEB-D4CD-4EB9-8A6C-6653B33681F0}.Debug|iPhone.Build.0 = Debug|Any CPU
		{2882AEEB-D4CD-4EB9-8A6C-6653B33681F0}.Debug|iPhoneSimulator.ActiveCfg = Debug|Any CPU
		{2882AEEB-D4CD-4EB9-8A6C-6653B33681F0}.Debug|iPhoneSimulator.Build.0 = Debug|Any CPU
		{2882AEEB-D4CD-4EB9-8A6C-6653B33681F0}.Debug|Mixed Platforms.ActiveCfg = Debug|Any CPU
		{2882AEEB-D4CD-4EB9-8A6C-6653B33681F0}.Debug|Mixed Platforms.Build.0 = Debug|Any CPU
		{2882AEEB-D4CD-4EB9-8A6C-6653B33681F0}.Debug|x64.ActiveCfg = Debug|Any CPU
		{2882AEEB-D4CD-4EB9-8A6C-6653B33681F0}.Debug|x64.Build.0 = Debug|Any CPU
		{2882AEEB-D4CD-4EB9-8A6C-6653B33681F0}.Debug|x86.ActiveCfg = Debug|Any CPU
		{2882AEEB-D4CD-4EB9-8A6C-6653B33681F0}.Debug|x86.Build.0 = Debug|Any CPU
		{2882AEEB-D4CD-4EB9-8A6C-6653B33681F0}.Release|Any CPU.ActiveCfg = Release|Any CPU
		{2882AEEB-D4CD-4EB9-8A6C-6653B33681F0}.Release|Any CPU.Build.0 = Release|Any CPU
		{2882AEEB-D4CD-4EB9-8A6C-6653B33681F0}.Release|ARM.ActiveCfg = Release|Any CPU
		{2882AEEB-D4CD-4EB9-8A6C-6653B33681F0}.Release|ARM.Build.0 = Release|Any CPU
		{2882AEEB-D4CD-4EB9-8A6C-6653B33681F0}.Release|iPhone.ActiveCfg = Release|Any CPU
		{2882AEEB-D4CD-4EB9-8A6C-6653B33681F0}.Release|iPhone.Build.0 = Release|Any CPU
		{2882AEEB-D4CD-4EB9-8A6C-6653B33681F0}.Release|iPhoneSimulator.ActiveCfg = Release|Any CPU
		{2882AEEB-D4CD-4EB9-8A6C-6653B33681F0}.Release|iPhoneSimulator.Build.0 = Release|Any CPU
		{2882AEEB-D4CD-4EB9-8A6C-6653B33681F0}.Release|Mixed Platforms.ActiveCfg = Release|Any CPU
		{2882AEEB-D4CD-4EB9-8A6C-6653B33681F0}.Release|Mixed Platforms.Build.0 = Release|Any CPU
		{2882AEEB-D4CD-4EB9-8A6C-6653B33681F0}.Release|x64.ActiveCfg = Release|Any CPU
		{2882AEEB-D4CD-4EB9-8A6C-6653B33681F0}.Release|x64.Build.0 = Release|Any CPU
		{2882AEEB-D4CD-4EB9-8A6C-6653B33681F0}.Release|x86.ActiveCfg = Release|Any CPU
		{2882AEEB-D4CD-4EB9-8A6C-6653B33681F0}.Release|x86.Build.0 = Release|Any CPU
		{56A56F17-7DE1-4CA1-9617-BF32E971AC84}.Ad-Hoc|Any CPU.ActiveCfg = Release|Any CPU
		{56A56F17-7DE1-4CA1-9617-BF32E971AC84}.Ad-Hoc|Any CPU.Build.0 = Release|Any CPU
		{56A56F17-7DE1-4CA1-9617-BF32E971AC84}.Ad-Hoc|ARM.ActiveCfg = Release|Any CPU
		{56A56F17-7DE1-4CA1-9617-BF32E971AC84}.Ad-Hoc|ARM.Build.0 = Release|Any CPU
		{56A56F17-7DE1-4CA1-9617-BF32E971AC84}.Ad-Hoc|iPhone.ActiveCfg = Release|Any CPU
		{56A56F17-7DE1-4CA1-9617-BF32E971AC84}.Ad-Hoc|iPhone.Build.0 = Release|Any CPU
		{56A56F17-7DE1-4CA1-9617-BF32E971AC84}.Ad-Hoc|iPhoneSimulator.ActiveCfg = Release|Any CPU
		{56A56F17-7DE1-4CA1-9617-BF32E971AC84}.Ad-Hoc|iPhoneSimulator.Build.0 = Release|Any CPU
		{56A56F17-7DE1-4CA1-9617-BF32E971AC84}.Ad-Hoc|Mixed Platforms.ActiveCfg = Debug|Any CPU
		{56A56F17-7DE1-4CA1-9617-BF32E971AC84}.Ad-Hoc|Mixed Platforms.Build.0 = Debug|Any CPU
		{56A56F17-7DE1-4CA1-9617-BF32E971AC84}.Ad-Hoc|x64.ActiveCfg = Release|Any CPU
		{56A56F17-7DE1-4CA1-9617-BF32E971AC84}.Ad-Hoc|x64.Build.0 = Release|Any CPU
		{56A56F17-7DE1-4CA1-9617-BF32E971AC84}.Ad-Hoc|x86.ActiveCfg = Release|Any CPU
		{56A56F17-7DE1-4CA1-9617-BF32E971AC84}.Ad-Hoc|x86.Build.0 = Release|Any CPU
		{56A56F17-7DE1-4CA1-9617-BF32E971AC84}.AppStore|Any CPU.ActiveCfg = Release|Any CPU
		{56A56F17-7DE1-4CA1-9617-BF32E971AC84}.AppStore|Any CPU.Build.0 = Release|Any CPU
		{56A56F17-7DE1-4CA1-9617-BF32E971AC84}.AppStore|ARM.ActiveCfg = Release|Any CPU
		{56A56F17-7DE1-4CA1-9617-BF32E971AC84}.AppStore|ARM.Build.0 = Release|Any CPU
		{56A56F17-7DE1-4CA1-9617-BF32E971AC84}.AppStore|iPhone.ActiveCfg = Release|Any CPU
		{56A56F17-7DE1-4CA1-9617-BF32E971AC84}.AppStore|iPhone.Build.0 = Release|Any CPU
		{56A56F17-7DE1-4CA1-9617-BF32E971AC84}.AppStore|iPhoneSimulator.ActiveCfg = Release|Any CPU
		{56A56F17-7DE1-4CA1-9617-BF32E971AC84}.AppStore|iPhoneSimulator.Build.0 = Release|Any CPU
		{56A56F17-7DE1-4CA1-9617-BF32E971AC84}.AppStore|Mixed Platforms.ActiveCfg = Debug|Any CPU
		{56A56F17-7DE1-4CA1-9617-BF32E971AC84}.AppStore|Mixed Platforms.Build.0 = Debug|Any CPU
		{56A56F17-7DE1-4CA1-9617-BF32E971AC84}.AppStore|x64.ActiveCfg = Release|Any CPU
		{56A56F17-7DE1-4CA1-9617-BF32E971AC84}.AppStore|x64.Build.0 = Release|Any CPU
		{56A56F17-7DE1-4CA1-9617-BF32E971AC84}.AppStore|x86.ActiveCfg = Release|Any CPU
		{56A56F17-7DE1-4CA1-9617-BF32E971AC84}.AppStore|x86.Build.0 = Release|Any CPU
		{56A56F17-7DE1-4CA1-9617-BF32E971AC84}.Debug|Any CPU.ActiveCfg = Debug|Any CPU
		{56A56F17-7DE1-4CA1-9617-BF32E971AC84}.Debug|Any CPU.Build.0 = Debug|Any CPU
		{56A56F17-7DE1-4CA1-9617-BF32E971AC84}.Debug|ARM.ActiveCfg = Debug|Any CPU
		{56A56F17-7DE1-4CA1-9617-BF32E971AC84}.Debug|ARM.Build.0 = Debug|Any CPU
		{56A56F17-7DE1-4CA1-9617-BF32E971AC84}.Debug|iPhone.ActiveCfg = Debug|Any CPU
		{56A56F17-7DE1-4CA1-9617-BF32E971AC84}.Debug|iPhone.Build.0 = Debug|Any CPU
		{56A56F17-7DE1-4CA1-9617-BF32E971AC84}.Debug|iPhoneSimulator.ActiveCfg = Debug|Any CPU
		{56A56F17-7DE1-4CA1-9617-BF32E971AC84}.Debug|iPhoneSimulator.Build.0 = Debug|Any CPU
		{56A56F17-7DE1-4CA1-9617-BF32E971AC84}.Debug|Mixed Platforms.ActiveCfg = Debug|Any CPU
		{56A56F17-7DE1-4CA1-9617-BF32E971AC84}.Debug|Mixed Platforms.Build.0 = Debug|Any CPU
		{56A56F17-7DE1-4CA1-9617-BF32E971AC84}.Debug|x64.ActiveCfg = Debug|Any CPU
		{56A56F17-7DE1-4CA1-9617-BF32E971AC84}.Debug|x64.Build.0 = Debug|Any CPU
		{56A56F17-7DE1-4CA1-9617-BF32E971AC84}.Debug|x86.ActiveCfg = Debug|Any CPU
		{56A56F17-7DE1-4CA1-9617-BF32E971AC84}.Debug|x86.Build.0 = Debug|Any CPU
		{56A56F17-7DE1-4CA1-9617-BF32E971AC84}.Release|Any CPU.ActiveCfg = Release|Any CPU
		{56A56F17-7DE1-4CA1-9617-BF32E971AC84}.Release|Any CPU.Build.0 = Release|Any CPU
		{56A56F17-7DE1-4CA1-9617-BF32E971AC84}.Release|ARM.ActiveCfg = Release|Any CPU
		{56A56F17-7DE1-4CA1-9617-BF32E971AC84}.Release|ARM.Build.0 = Release|Any CPU
		{56A56F17-7DE1-4CA1-9617-BF32E971AC84}.Release|iPhone.ActiveCfg = Release|Any CPU
		{56A56F17-7DE1-4CA1-9617-BF32E971AC84}.Release|iPhone.Build.0 = Release|Any CPU
		{56A56F17-7DE1-4CA1-9617-BF32E971AC84}.Release|iPhoneSimulator.ActiveCfg = Release|Any CPU
		{56A56F17-7DE1-4CA1-9617-BF32E971AC84}.Release|iPhoneSimulator.Build.0 = Release|Any CPU
		{56A56F17-7DE1-4CA1-9617-BF32E971AC84}.Release|Mixed Platforms.ActiveCfg = Release|Any CPU
		{56A56F17-7DE1-4CA1-9617-BF32E971AC84}.Release|Mixed Platforms.Build.0 = Release|Any CPU
		{56A56F17-7DE1-4CA1-9617-BF32E971AC84}.Release|x64.ActiveCfg = Release|Any CPU
		{56A56F17-7DE1-4CA1-9617-BF32E971AC84}.Release|x64.Build.0 = Release|Any CPU
		{56A56F17-7DE1-4CA1-9617-BF32E971AC84}.Release|x86.ActiveCfg = Release|Any CPU
		{56A56F17-7DE1-4CA1-9617-BF32E971AC84}.Release|x86.Build.0 = Release|Any CPU
		{D723D9F6-7DDC-4208-AD38-F67C58CC7574}.Ad-Hoc|Any CPU.ActiveCfg = Release|Any CPU
		{D723D9F6-7DDC-4208-AD38-F67C58CC7574}.Ad-Hoc|Any CPU.Build.0 = Release|Any CPU
		{D723D9F6-7DDC-4208-AD38-F67C58CC7574}.Ad-Hoc|ARM.ActiveCfg = Release|ARM
		{D723D9F6-7DDC-4208-AD38-F67C58CC7574}.Ad-Hoc|ARM.Build.0 = Release|ARM
		{D723D9F6-7DDC-4208-AD38-F67C58CC7574}.Ad-Hoc|iPhone.ActiveCfg = Release|Any CPU
		{D723D9F6-7DDC-4208-AD38-F67C58CC7574}.Ad-Hoc|iPhone.Build.0 = Release|Any CPU
		{D723D9F6-7DDC-4208-AD38-F67C58CC7574}.Ad-Hoc|iPhoneSimulator.ActiveCfg = Release|Any CPU
		{D723D9F6-7DDC-4208-AD38-F67C58CC7574}.Ad-Hoc|iPhoneSimulator.Build.0 = Release|Any CPU
		{D723D9F6-7DDC-4208-AD38-F67C58CC7574}.Ad-Hoc|Mixed Platforms.ActiveCfg = Release|x86
		{D723D9F6-7DDC-4208-AD38-F67C58CC7574}.Ad-Hoc|Mixed Platforms.Build.0 = Release|x86
		{D723D9F6-7DDC-4208-AD38-F67C58CC7574}.Ad-Hoc|x64.ActiveCfg = Release|x64
		{D723D9F6-7DDC-4208-AD38-F67C58CC7574}.Ad-Hoc|x64.Build.0 = Release|x64
		{D723D9F6-7DDC-4208-AD38-F67C58CC7574}.Ad-Hoc|x86.ActiveCfg = Release|x86
		{D723D9F6-7DDC-4208-AD38-F67C58CC7574}.Ad-Hoc|x86.Build.0 = Release|x86
		{D723D9F6-7DDC-4208-AD38-F67C58CC7574}.AppStore|Any CPU.ActiveCfg = Release|Any CPU
		{D723D9F6-7DDC-4208-AD38-F67C58CC7574}.AppStore|Any CPU.Build.0 = Release|Any CPU
		{D723D9F6-7DDC-4208-AD38-F67C58CC7574}.AppStore|ARM.ActiveCfg = Release|ARM
		{D723D9F6-7DDC-4208-AD38-F67C58CC7574}.AppStore|ARM.Build.0 = Release|ARM
		{D723D9F6-7DDC-4208-AD38-F67C58CC7574}.AppStore|iPhone.ActiveCfg = Release|Any CPU
		{D723D9F6-7DDC-4208-AD38-F67C58CC7574}.AppStore|iPhone.Build.0 = Release|Any CPU
		{D723D9F6-7DDC-4208-AD38-F67C58CC7574}.AppStore|iPhoneSimulator.ActiveCfg = Release|Any CPU
		{D723D9F6-7DDC-4208-AD38-F67C58CC7574}.AppStore|iPhoneSimulator.Build.0 = Release|Any CPU
		{D723D9F6-7DDC-4208-AD38-F67C58CC7574}.AppStore|Mixed Platforms.ActiveCfg = Release|x86
		{D723D9F6-7DDC-4208-AD38-F67C58CC7574}.AppStore|Mixed Platforms.Build.0 = Release|x86
		{D723D9F6-7DDC-4208-AD38-F67C58CC7574}.AppStore|x64.ActiveCfg = Release|x64
		{D723D9F6-7DDC-4208-AD38-F67C58CC7574}.AppStore|x64.Build.0 = Release|x64
		{D723D9F6-7DDC-4208-AD38-F67C58CC7574}.AppStore|x86.ActiveCfg = Release|x86
		{D723D9F6-7DDC-4208-AD38-F67C58CC7574}.AppStore|x86.Build.0 = Release|x86
		{D723D9F6-7DDC-4208-AD38-F67C58CC7574}.Debug|Any CPU.ActiveCfg = Debug|Any CPU
		{D723D9F6-7DDC-4208-AD38-F67C58CC7574}.Debug|Any CPU.Build.0 = Debug|Any CPU
		{D723D9F6-7DDC-4208-AD38-F67C58CC7574}.Debug|ARM.ActiveCfg = Debug|ARM
		{D723D9F6-7DDC-4208-AD38-F67C58CC7574}.Debug|ARM.Build.0 = Debug|ARM
		{D723D9F6-7DDC-4208-AD38-F67C58CC7574}.Debug|iPhone.ActiveCfg = Debug|Any CPU
		{D723D9F6-7DDC-4208-AD38-F67C58CC7574}.Debug|iPhone.Build.0 = Debug|Any CPU
		{D723D9F6-7DDC-4208-AD38-F67C58CC7574}.Debug|iPhoneSimulator.ActiveCfg = Debug|Any CPU
		{D723D9F6-7DDC-4208-AD38-F67C58CC7574}.Debug|iPhoneSimulator.Build.0 = Debug|Any CPU
		{D723D9F6-7DDC-4208-AD38-F67C58CC7574}.Debug|Mixed Platforms.ActiveCfg = Debug|x86
		{D723D9F6-7DDC-4208-AD38-F67C58CC7574}.Debug|Mixed Platforms.Build.0 = Debug|x86
		{D723D9F6-7DDC-4208-AD38-F67C58CC7574}.Debug|x64.ActiveCfg = Debug|x64
		{D723D9F6-7DDC-4208-AD38-F67C58CC7574}.Debug|x64.Build.0 = Debug|x64
		{D723D9F6-7DDC-4208-AD38-F67C58CC7574}.Debug|x86.ActiveCfg = Debug|x86
		{D723D9F6-7DDC-4208-AD38-F67C58CC7574}.Debug|x86.Build.0 = Debug|x86
		{D723D9F6-7DDC-4208-AD38-F67C58CC7574}.Release|Any CPU.ActiveCfg = Release|Any CPU
		{D723D9F6-7DDC-4208-AD38-F67C58CC7574}.Release|Any CPU.Build.0 = Release|Any CPU
		{D723D9F6-7DDC-4208-AD38-F67C58CC7574}.Release|ARM.ActiveCfg = Release|ARM
		{D723D9F6-7DDC-4208-AD38-F67C58CC7574}.Release|ARM.Build.0 = Release|ARM
		{D723D9F6-7DDC-4208-AD38-F67C58CC7574}.Release|iPhone.ActiveCfg = Release|Any CPU
		{D723D9F6-7DDC-4208-AD38-F67C58CC7574}.Release|iPhone.Build.0 = Release|Any CPU
		{D723D9F6-7DDC-4208-AD38-F67C58CC7574}.Release|iPhoneSimulator.ActiveCfg = Release|Any CPU
		{D723D9F6-7DDC-4208-AD38-F67C58CC7574}.Release|iPhoneSimulator.Build.0 = Release|Any CPU
		{D723D9F6-7DDC-4208-AD38-F67C58CC7574}.Release|Mixed Platforms.ActiveCfg = Release|x86
		{D723D9F6-7DDC-4208-AD38-F67C58CC7574}.Release|Mixed Platforms.Build.0 = Release|x86
		{D723D9F6-7DDC-4208-AD38-F67C58CC7574}.Release|x64.ActiveCfg = Release|x64
		{D723D9F6-7DDC-4208-AD38-F67C58CC7574}.Release|x64.Build.0 = Release|x64
		{D723D9F6-7DDC-4208-AD38-F67C58CC7574}.Release|x86.ActiveCfg = Release|Any CPU
		{D723D9F6-7DDC-4208-AD38-F67C58CC7574}.Release|x86.Build.0 = Release|Any CPU
		{65A58A4B-512B-4296-9ABF-8713837352A5}.Ad-Hoc|Any CPU.ActiveCfg = Debug|Any CPU
		{65A58A4B-512B-4296-9ABF-8713837352A5}.Ad-Hoc|Any CPU.Build.0 = Debug|Any CPU
		{65A58A4B-512B-4296-9ABF-8713837352A5}.Ad-Hoc|ARM.ActiveCfg = Debug|Any CPU
		{65A58A4B-512B-4296-9ABF-8713837352A5}.Ad-Hoc|ARM.Build.0 = Debug|Any CPU
		{65A58A4B-512B-4296-9ABF-8713837352A5}.Ad-Hoc|iPhone.ActiveCfg = Debug|Any CPU
		{65A58A4B-512B-4296-9ABF-8713837352A5}.Ad-Hoc|iPhone.Build.0 = Debug|Any CPU
		{65A58A4B-512B-4296-9ABF-8713837352A5}.Ad-Hoc|iPhoneSimulator.ActiveCfg = Debug|Any CPU
		{65A58A4B-512B-4296-9ABF-8713837352A5}.Ad-Hoc|iPhoneSimulator.Build.0 = Debug|Any CPU
		{65A58A4B-512B-4296-9ABF-8713837352A5}.Ad-Hoc|Mixed Platforms.ActiveCfg = Debug|Any CPU
		{65A58A4B-512B-4296-9ABF-8713837352A5}.Ad-Hoc|Mixed Platforms.Build.0 = Debug|Any CPU
		{65A58A4B-512B-4296-9ABF-8713837352A5}.Ad-Hoc|x64.ActiveCfg = Debug|Any CPU
		{65A58A4B-512B-4296-9ABF-8713837352A5}.Ad-Hoc|x64.Build.0 = Debug|Any CPU
		{65A58A4B-512B-4296-9ABF-8713837352A5}.Ad-Hoc|x86.ActiveCfg = Debug|Any CPU
		{65A58A4B-512B-4296-9ABF-8713837352A5}.Ad-Hoc|x86.Build.0 = Debug|Any CPU
		{65A58A4B-512B-4296-9ABF-8713837352A5}.AppStore|Any CPU.ActiveCfg = Debug|Any CPU
		{65A58A4B-512B-4296-9ABF-8713837352A5}.AppStore|Any CPU.Build.0 = Debug|Any CPU
		{65A58A4B-512B-4296-9ABF-8713837352A5}.AppStore|ARM.ActiveCfg = Debug|Any CPU
		{65A58A4B-512B-4296-9ABF-8713837352A5}.AppStore|ARM.Build.0 = Debug|Any CPU
		{65A58A4B-512B-4296-9ABF-8713837352A5}.AppStore|iPhone.ActiveCfg = Debug|Any CPU
		{65A58A4B-512B-4296-9ABF-8713837352A5}.AppStore|iPhone.Build.0 = Debug|Any CPU
		{65A58A4B-512B-4296-9ABF-8713837352A5}.AppStore|iPhoneSimulator.ActiveCfg = Debug|Any CPU
		{65A58A4B-512B-4296-9ABF-8713837352A5}.AppStore|iPhoneSimulator.Build.0 = Debug|Any CPU
		{65A58A4B-512B-4296-9ABF-8713837352A5}.AppStore|Mixed Platforms.ActiveCfg = Debug|Any CPU
		{65A58A4B-512B-4296-9ABF-8713837352A5}.AppStore|Mixed Platforms.Build.0 = Debug|Any CPU
		{65A58A4B-512B-4296-9ABF-8713837352A5}.AppStore|x64.ActiveCfg = Debug|Any CPU
		{65A58A4B-512B-4296-9ABF-8713837352A5}.AppStore|x64.Build.0 = Debug|Any CPU
		{65A58A4B-512B-4296-9ABF-8713837352A5}.AppStore|x86.ActiveCfg = Debug|Any CPU
		{65A58A4B-512B-4296-9ABF-8713837352A5}.AppStore|x86.Build.0 = Debug|Any CPU
		{65A58A4B-512B-4296-9ABF-8713837352A5}.Debug|Any CPU.ActiveCfg = Debug|Any CPU
		{65A58A4B-512B-4296-9ABF-8713837352A5}.Debug|Any CPU.Build.0 = Debug|Any CPU
		{65A58A4B-512B-4296-9ABF-8713837352A5}.Debug|ARM.ActiveCfg = Debug|Any CPU
		{65A58A4B-512B-4296-9ABF-8713837352A5}.Debug|ARM.Build.0 = Debug|Any CPU
		{65A58A4B-512B-4296-9ABF-8713837352A5}.Debug|iPhone.ActiveCfg = Debug|Any CPU
		{65A58A4B-512B-4296-9ABF-8713837352A5}.Debug|iPhone.Build.0 = Debug|Any CPU
		{65A58A4B-512B-4296-9ABF-8713837352A5}.Debug|iPhoneSimulator.ActiveCfg = Debug|Any CPU
		{65A58A4B-512B-4296-9ABF-8713837352A5}.Debug|iPhoneSimulator.Build.0 = Debug|Any CPU
		{65A58A4B-512B-4296-9ABF-8713837352A5}.Debug|Mixed Platforms.ActiveCfg = Debug|Any CPU
		{65A58A4B-512B-4296-9ABF-8713837352A5}.Debug|Mixed Platforms.Build.0 = Debug|Any CPU
		{65A58A4B-512B-4296-9ABF-8713837352A5}.Debug|x64.ActiveCfg = Debug|Any CPU
		{65A58A4B-512B-4296-9ABF-8713837352A5}.Debug|x64.Build.0 = Debug|Any CPU
		{65A58A4B-512B-4296-9ABF-8713837352A5}.Debug|x86.ActiveCfg = Debug|Any CPU
		{65A58A4B-512B-4296-9ABF-8713837352A5}.Debug|x86.Build.0 = Debug|Any CPU
		{65A58A4B-512B-4296-9ABF-8713837352A5}.Release|Any CPU.ActiveCfg = Release|Any CPU
		{65A58A4B-512B-4296-9ABF-8713837352A5}.Release|Any CPU.Build.0 = Release|Any CPU
		{65A58A4B-512B-4296-9ABF-8713837352A5}.Release|ARM.ActiveCfg = Release|Any CPU
		{65A58A4B-512B-4296-9ABF-8713837352A5}.Release|ARM.Build.0 = Release|Any CPU
		{65A58A4B-512B-4296-9ABF-8713837352A5}.Release|iPhone.ActiveCfg = Release|Any CPU
		{65A58A4B-512B-4296-9ABF-8713837352A5}.Release|iPhone.Build.0 = Release|Any CPU
		{65A58A4B-512B-4296-9ABF-8713837352A5}.Release|iPhoneSimulator.ActiveCfg = Release|Any CPU
		{65A58A4B-512B-4296-9ABF-8713837352A5}.Release|iPhoneSimulator.Build.0 = Release|Any CPU
		{65A58A4B-512B-4296-9ABF-8713837352A5}.Release|Mixed Platforms.ActiveCfg = Release|Any CPU
		{65A58A4B-512B-4296-9ABF-8713837352A5}.Release|Mixed Platforms.Build.0 = Release|Any CPU
		{65A58A4B-512B-4296-9ABF-8713837352A5}.Release|x64.ActiveCfg = Release|Any CPU
		{65A58A4B-512B-4296-9ABF-8713837352A5}.Release|x64.Build.0 = Release|Any CPU
		{65A58A4B-512B-4296-9ABF-8713837352A5}.Release|x86.ActiveCfg = Release|Any CPU
		{65A58A4B-512B-4296-9ABF-8713837352A5}.Release|x86.Build.0 = Release|Any CPU
		{59B706E6-4B1D-415C-BDD0-DA7AFF4547C5}.Ad-Hoc|Any CPU.ActiveCfg = Debug|Any CPU
		{59B706E6-4B1D-415C-BDD0-DA7AFF4547C5}.Ad-Hoc|Any CPU.Build.0 = Debug|Any CPU
		{59B706E6-4B1D-415C-BDD0-DA7AFF4547C5}.Ad-Hoc|ARM.ActiveCfg = Debug|Any CPU
		{59B706E6-4B1D-415C-BDD0-DA7AFF4547C5}.Ad-Hoc|ARM.Build.0 = Debug|Any CPU
		{59B706E6-4B1D-415C-BDD0-DA7AFF4547C5}.Ad-Hoc|iPhone.ActiveCfg = Debug|Any CPU
		{59B706E6-4B1D-415C-BDD0-DA7AFF4547C5}.Ad-Hoc|iPhone.Build.0 = Debug|Any CPU
		{59B706E6-4B1D-415C-BDD0-DA7AFF4547C5}.Ad-Hoc|iPhoneSimulator.ActiveCfg = Debug|Any CPU
		{59B706E6-4B1D-415C-BDD0-DA7AFF4547C5}.Ad-Hoc|iPhoneSimulator.Build.0 = Debug|Any CPU
		{59B706E6-4B1D-415C-BDD0-DA7AFF4547C5}.Ad-Hoc|Mixed Platforms.ActiveCfg = Debug|Any CPU
		{59B706E6-4B1D-415C-BDD0-DA7AFF4547C5}.Ad-Hoc|Mixed Platforms.Build.0 = Debug|Any CPU
		{59B706E6-4B1D-415C-BDD0-DA7AFF4547C5}.Ad-Hoc|x64.ActiveCfg = Debug|Any CPU
		{59B706E6-4B1D-415C-BDD0-DA7AFF4547C5}.Ad-Hoc|x64.Build.0 = Debug|Any CPU
		{59B706E6-4B1D-415C-BDD0-DA7AFF4547C5}.Ad-Hoc|x86.ActiveCfg = Debug|Any CPU
		{59B706E6-4B1D-415C-BDD0-DA7AFF4547C5}.Ad-Hoc|x86.Build.0 = Debug|Any CPU
		{59B706E6-4B1D-415C-BDD0-DA7AFF4547C5}.AppStore|Any CPU.ActiveCfg = Debug|Any CPU
		{59B706E6-4B1D-415C-BDD0-DA7AFF4547C5}.AppStore|Any CPU.Build.0 = Debug|Any CPU
		{59B706E6-4B1D-415C-BDD0-DA7AFF4547C5}.AppStore|ARM.ActiveCfg = Debug|Any CPU
		{59B706E6-4B1D-415C-BDD0-DA7AFF4547C5}.AppStore|ARM.Build.0 = Debug|Any CPU
		{59B706E6-4B1D-415C-BDD0-DA7AFF4547C5}.AppStore|iPhone.ActiveCfg = Debug|Any CPU
		{59B706E6-4B1D-415C-BDD0-DA7AFF4547C5}.AppStore|iPhone.Build.0 = Debug|Any CPU
		{59B706E6-4B1D-415C-BDD0-DA7AFF4547C5}.AppStore|iPhoneSimulator.ActiveCfg = Debug|Any CPU
		{59B706E6-4B1D-415C-BDD0-DA7AFF4547C5}.AppStore|iPhoneSimulator.Build.0 = Debug|Any CPU
		{59B706E6-4B1D-415C-BDD0-DA7AFF4547C5}.AppStore|Mixed Platforms.ActiveCfg = Debug|Any CPU
		{59B706E6-4B1D-415C-BDD0-DA7AFF4547C5}.AppStore|Mixed Platforms.Build.0 = Debug|Any CPU
		{59B706E6-4B1D-415C-BDD0-DA7AFF4547C5}.AppStore|x64.ActiveCfg = Debug|Any CPU
		{59B706E6-4B1D-415C-BDD0-DA7AFF4547C5}.AppStore|x64.Build.0 = Debug|Any CPU
		{59B706E6-4B1D-415C-BDD0-DA7AFF4547C5}.AppStore|x86.ActiveCfg = Debug|Any CPU
		{59B706E6-4B1D-415C-BDD0-DA7AFF4547C5}.AppStore|x86.Build.0 = Debug|Any CPU
		{59B706E6-4B1D-415C-BDD0-DA7AFF4547C5}.Debug|Any CPU.ActiveCfg = Debug|Any CPU
		{59B706E6-4B1D-415C-BDD0-DA7AFF4547C5}.Debug|Any CPU.Build.0 = Debug|Any CPU
		{59B706E6-4B1D-415C-BDD0-DA7AFF4547C5}.Debug|ARM.ActiveCfg = Debug|Any CPU
		{59B706E6-4B1D-415C-BDD0-DA7AFF4547C5}.Debug|ARM.Build.0 = Debug|Any CPU
		{59B706E6-4B1D-415C-BDD0-DA7AFF4547C5}.Debug|iPhone.ActiveCfg = Debug|Any CPU
		{59B706E6-4B1D-415C-BDD0-DA7AFF4547C5}.Debug|iPhone.Build.0 = Debug|Any CPU
		{59B706E6-4B1D-415C-BDD0-DA7AFF4547C5}.Debug|iPhoneSimulator.ActiveCfg = Debug|Any CPU
		{59B706E6-4B1D-415C-BDD0-DA7AFF4547C5}.Debug|iPhoneSimulator.Build.0 = Debug|Any CPU
		{59B706E6-4B1D-415C-BDD0-DA7AFF4547C5}.Debug|Mixed Platforms.ActiveCfg = Debug|Any CPU
		{59B706E6-4B1D-415C-BDD0-DA7AFF4547C5}.Debug|Mixed Platforms.Build.0 = Debug|Any CPU
		{59B706E6-4B1D-415C-BDD0-DA7AFF4547C5}.Debug|x64.ActiveCfg = Debug|Any CPU
		{59B706E6-4B1D-415C-BDD0-DA7AFF4547C5}.Debug|x64.Build.0 = Debug|Any CPU
		{59B706E6-4B1D-415C-BDD0-DA7AFF4547C5}.Debug|x86.ActiveCfg = Debug|Any CPU
		{59B706E6-4B1D-415C-BDD0-DA7AFF4547C5}.Debug|x86.Build.0 = Debug|Any CPU
		{59B706E6-4B1D-415C-BDD0-DA7AFF4547C5}.Release|Any CPU.ActiveCfg = Release|Any CPU
		{59B706E6-4B1D-415C-BDD0-DA7AFF4547C5}.Release|Any CPU.Build.0 = Release|Any CPU
		{59B706E6-4B1D-415C-BDD0-DA7AFF4547C5}.Release|ARM.ActiveCfg = Release|Any CPU
		{59B706E6-4B1D-415C-BDD0-DA7AFF4547C5}.Release|ARM.Build.0 = Release|Any CPU
		{59B706E6-4B1D-415C-BDD0-DA7AFF4547C5}.Release|iPhone.ActiveCfg = Release|Any CPU
		{59B706E6-4B1D-415C-BDD0-DA7AFF4547C5}.Release|iPhone.Build.0 = Release|Any CPU
		{59B706E6-4B1D-415C-BDD0-DA7AFF4547C5}.Release|iPhoneSimulator.ActiveCfg = Release|Any CPU
		{59B706E6-4B1D-415C-BDD0-DA7AFF4547C5}.Release|iPhoneSimulator.Build.0 = Release|Any CPU
		{59B706E6-4B1D-415C-BDD0-DA7AFF4547C5}.Release|Mixed Platforms.ActiveCfg = Release|Any CPU
		{59B706E6-4B1D-415C-BDD0-DA7AFF4547C5}.Release|Mixed Platforms.Build.0 = Release|Any CPU
		{59B706E6-4B1D-415C-BDD0-DA7AFF4547C5}.Release|x64.ActiveCfg = Release|Any CPU
		{59B706E6-4B1D-415C-BDD0-DA7AFF4547C5}.Release|x64.Build.0 = Release|Any CPU
		{59B706E6-4B1D-415C-BDD0-DA7AFF4547C5}.Release|x86.ActiveCfg = Release|Any CPU
		{59B706E6-4B1D-415C-BDD0-DA7AFF4547C5}.Release|x86.Build.0 = Release|Any CPU
		{4F198547-703E-4A2E-BC8F-FC71BE7DC6B0}.Ad-Hoc|Any CPU.ActiveCfg = Debug|Any CPU
		{4F198547-703E-4A2E-BC8F-FC71BE7DC6B0}.Ad-Hoc|Any CPU.Build.0 = Debug|Any CPU
		{4F198547-703E-4A2E-BC8F-FC71BE7DC6B0}.Ad-Hoc|ARM.ActiveCfg = Debug|Any CPU
		{4F198547-703E-4A2E-BC8F-FC71BE7DC6B0}.Ad-Hoc|ARM.Build.0 = Debug|Any CPU
		{4F198547-703E-4A2E-BC8F-FC71BE7DC6B0}.Ad-Hoc|iPhone.ActiveCfg = Debug|Any CPU
		{4F198547-703E-4A2E-BC8F-FC71BE7DC6B0}.Ad-Hoc|iPhone.Build.0 = Debug|Any CPU
		{4F198547-703E-4A2E-BC8F-FC71BE7DC6B0}.Ad-Hoc|iPhoneSimulator.ActiveCfg = Debug|Any CPU
		{4F198547-703E-4A2E-BC8F-FC71BE7DC6B0}.Ad-Hoc|iPhoneSimulator.Build.0 = Debug|Any CPU
		{4F198547-703E-4A2E-BC8F-FC71BE7DC6B0}.Ad-Hoc|Mixed Platforms.ActiveCfg = Debug|Any CPU
		{4F198547-703E-4A2E-BC8F-FC71BE7DC6B0}.Ad-Hoc|Mixed Platforms.Build.0 = Debug|Any CPU
		{4F198547-703E-4A2E-BC8F-FC71BE7DC6B0}.Ad-Hoc|x64.ActiveCfg = Debug|Any CPU
		{4F198547-703E-4A2E-BC8F-FC71BE7DC6B0}.Ad-Hoc|x64.Build.0 = Debug|Any CPU
		{4F198547-703E-4A2E-BC8F-FC71BE7DC6B0}.Ad-Hoc|x86.ActiveCfg = Debug|Any CPU
		{4F198547-703E-4A2E-BC8F-FC71BE7DC6B0}.Ad-Hoc|x86.Build.0 = Debug|Any CPU
		{4F198547-703E-4A2E-BC8F-FC71BE7DC6B0}.AppStore|Any CPU.ActiveCfg = Debug|Any CPU
		{4F198547-703E-4A2E-BC8F-FC71BE7DC6B0}.AppStore|Any CPU.Build.0 = Debug|Any CPU
		{4F198547-703E-4A2E-BC8F-FC71BE7DC6B0}.AppStore|ARM.ActiveCfg = Debug|Any CPU
		{4F198547-703E-4A2E-BC8F-FC71BE7DC6B0}.AppStore|ARM.Build.0 = Debug|Any CPU
		{4F198547-703E-4A2E-BC8F-FC71BE7DC6B0}.AppStore|iPhone.ActiveCfg = Debug|Any CPU
		{4F198547-703E-4A2E-BC8F-FC71BE7DC6B0}.AppStore|iPhone.Build.0 = Debug|Any CPU
		{4F198547-703E-4A2E-BC8F-FC71BE7DC6B0}.AppStore|iPhoneSimulator.ActiveCfg = Debug|Any CPU
		{4F198547-703E-4A2E-BC8F-FC71BE7DC6B0}.AppStore|iPhoneSimulator.Build.0 = Debug|Any CPU
		{4F198547-703E-4A2E-BC8F-FC71BE7DC6B0}.AppStore|Mixed Platforms.ActiveCfg = Debug|Any CPU
		{4F198547-703E-4A2E-BC8F-FC71BE7DC6B0}.AppStore|Mixed Platforms.Build.0 = Debug|Any CPU
		{4F198547-703E-4A2E-BC8F-FC71BE7DC6B0}.AppStore|x64.ActiveCfg = Debug|Any CPU
		{4F198547-703E-4A2E-BC8F-FC71BE7DC6B0}.AppStore|x64.Build.0 = Debug|Any CPU
		{4F198547-703E-4A2E-BC8F-FC71BE7DC6B0}.AppStore|x86.ActiveCfg = Debug|Any CPU
		{4F198547-703E-4A2E-BC8F-FC71BE7DC6B0}.AppStore|x86.Build.0 = Debug|Any CPU
		{4F198547-703E-4A2E-BC8F-FC71BE7DC6B0}.Debug|Any CPU.ActiveCfg = Debug|Any CPU
		{4F198547-703E-4A2E-BC8F-FC71BE7DC6B0}.Debug|Any CPU.Build.0 = Debug|Any CPU
		{4F198547-703E-4A2E-BC8F-FC71BE7DC6B0}.Debug|ARM.ActiveCfg = Debug|Any CPU
		{4F198547-703E-4A2E-BC8F-FC71BE7DC6B0}.Debug|ARM.Build.0 = Debug|Any CPU
		{4F198547-703E-4A2E-BC8F-FC71BE7DC6B0}.Debug|iPhone.ActiveCfg = Debug|Any CPU
		{4F198547-703E-4A2E-BC8F-FC71BE7DC6B0}.Debug|iPhone.Build.0 = Debug|Any CPU
		{4F198547-703E-4A2E-BC8F-FC71BE7DC6B0}.Debug|iPhoneSimulator.ActiveCfg = Debug|Any CPU
		{4F198547-703E-4A2E-BC8F-FC71BE7DC6B0}.Debug|iPhoneSimulator.Build.0 = Debug|Any CPU
		{4F198547-703E-4A2E-BC8F-FC71BE7DC6B0}.Debug|Mixed Platforms.ActiveCfg = Debug|Any CPU
		{4F198547-703E-4A2E-BC8F-FC71BE7DC6B0}.Debug|Mixed Platforms.Build.0 = Debug|Any CPU
		{4F198547-703E-4A2E-BC8F-FC71BE7DC6B0}.Debug|x64.ActiveCfg = Debug|Any CPU
		{4F198547-703E-4A2E-BC8F-FC71BE7DC6B0}.Debug|x64.Build.0 = Debug|Any CPU
		{4F198547-703E-4A2E-BC8F-FC71BE7DC6B0}.Debug|x86.ActiveCfg = Debug|Any CPU
		{4F198547-703E-4A2E-BC8F-FC71BE7DC6B0}.Debug|x86.Build.0 = Debug|Any CPU
		{4F198547-703E-4A2E-BC8F-FC71BE7DC6B0}.Release|Any CPU.ActiveCfg = Release|Any CPU
		{4F198547-703E-4A2E-BC8F-FC71BE7DC6B0}.Release|Any CPU.Build.0 = Release|Any CPU
		{4F198547-703E-4A2E-BC8F-FC71BE7DC6B0}.Release|ARM.ActiveCfg = Release|Any CPU
		{4F198547-703E-4A2E-BC8F-FC71BE7DC6B0}.Release|ARM.Build.0 = Release|Any CPU
		{4F198547-703E-4A2E-BC8F-FC71BE7DC6B0}.Release|iPhone.ActiveCfg = Release|Any CPU
		{4F198547-703E-4A2E-BC8F-FC71BE7DC6B0}.Release|iPhone.Build.0 = Release|Any CPU
		{4F198547-703E-4A2E-BC8F-FC71BE7DC6B0}.Release|iPhoneSimulator.ActiveCfg = Release|Any CPU
		{4F198547-703E-4A2E-BC8F-FC71BE7DC6B0}.Release|iPhoneSimulator.Build.0 = Release|Any CPU
		{4F198547-703E-4A2E-BC8F-FC71BE7DC6B0}.Release|Mixed Platforms.ActiveCfg = Release|Any CPU
		{4F198547-703E-4A2E-BC8F-FC71BE7DC6B0}.Release|Mixed Platforms.Build.0 = Release|Any CPU
		{4F198547-703E-4A2E-BC8F-FC71BE7DC6B0}.Release|x64.ActiveCfg = Release|Any CPU
		{4F198547-703E-4A2E-BC8F-FC71BE7DC6B0}.Release|x64.Build.0 = Release|Any CPU
		{4F198547-703E-4A2E-BC8F-FC71BE7DC6B0}.Release|x86.ActiveCfg = Release|Any CPU
		{4F198547-703E-4A2E-BC8F-FC71BE7DC6B0}.Release|x86.Build.0 = Release|Any CPU
	EndGlobalSection
	GlobalSection(SolutionProperties) = preSolution
		HideSolutionNode = FALSE
	EndGlobalSection
	GlobalSection(NestedProjects) = preSolution
		{65A58A4B-512B-4296-9ABF-8713837352A5} = {175DAAE6-57D6-4035-955C-3FBBE58E1FBE}
		{59B706E6-4B1D-415C-BDD0-DA7AFF4547C5} = {175DAAE6-57D6-4035-955C-3FBBE58E1FBE}
	EndGlobalSection
	GlobalSection(ExtensibilityGlobals) = postSolution
		SolutionGuid = {4FBBCC9D-A0FD-421E-9E9A-6A35DC097975}
	EndGlobalSection
EndGlobal
