
Microsoft Visual Studio Solution File, Format Version 12.00
# Visual Studio 15
VisualStudioVersion = 15.0.26430.14
MinimumVisualStudioVersion = 10.0.40219.1
Project("{FAE04EC0-301F-11D3-BF4B-00C04F79EFBC}") = "Share.Plugin.iOS", "Share\Share.Plugin.iOS\Share.Plugin.iOS.csproj", "{2882AEEB-D4CD-4EB9-8A6C-6653B33681F0}"
EndProject
Project("{FAE04EC0-301F-11D3-BF4B-00C04F79EFBC}") = "Share.Plugin.Android", "Share\Share.Plugin.Android\Share.Plugin.Android.csproj", "{56A56F17-7DE1-4CA1-9617-BF32E971AC84}"
EndProject
Project("{2150E333-8FDC-42A3-9474-1A3956D46DE8}") = "Solution Items", "Solution Items", "{72960D27-CDC8-47F6-A733-0B9D9CA3E2E2}"
	ProjectSection(SolutionItems) = preProject
		appveyor.yml = appveyor.yml
		build.cake = build.cake
		README.md = README.md
		Share.Plugin.nuspec = Share.Plugin.nuspec
	EndProjectSection
EndProject
Project("{FAE04EC0-301F-11D3-BF4B-00C04F79EFBC}") = "Share.Plugin.UWP", "Share\Share.Plugin.UWP\Share.Plugin.UWP.csproj", "{D723D9F6-7DDC-4208-AD38-F67C58CC7574}"
EndProject
Project("{2150E333-8FDC-42A3-9474-1A3956D46DE8}") = "Tests", "Tests", "{5A39DEF0-6E9F-4B19-ACA2-ED7CCB875D61}"
EndProject
Project("{FAE04EC0-301F-11D3-BF4B-00C04F79EFBC}") = "ShareTest", "ShareTest\ShareTest\ShareTest.csproj", "{0F183FA6-5A54-4CE7-810A-801937115DE3}"
EndProject
Project("{FAE04EC0-301F-11D3-BF4B-00C04F79EFBC}") = "ShareTest.Droid", "ShareTest\ShareTest.Droid\ShareTest.Droid.csproj", "{401C3C4E-EB55-4F03-8E7F-94E5BA23EF64}"
EndProject
Project("{FAE04EC0-301F-11D3-BF4B-00C04F79EFBC}") = "ShareTest.iOS", "ShareTest\ShareTest.iOS\ShareTest.iOS.csproj", "{2144DA75-8F4E-4C94-97DD-43DFEA1B6305}"
EndProject
Project("{FAE04EC0-301F-11D3-BF4B-00C04F79EFBC}") = "ShareTest.UWP", "ShareTest\ShareTest.UWP\ShareTest.UWP.csproj", "{C8C4DA1C-9075-4A83-952F-6A8CC8AB9E58}"
EndProject
Project("{9A19103F-16F7-4668-BE54-9A1E7A4F7556}") = "Share.Plugin", "Share\Share.Plugin\Share.Plugin.csproj", "{00C94504-7094-47DF-B7E5-B5414FBDF543}"
EndProject
Project("{9A19103F-16F7-4668-BE54-9A1E7A4F7556}") = "Share.Plugin.Abstractions", "Share\Share.Plugin.Abstractions\Share.Plugin.Abstractions.csproj", "{1595236A-04FC-4D89-99C2-CEB1D7F0B87E}"
EndProject
Global
	GlobalSection(SolutionConfigurationPlatforms) = preSolution
		Ad-Hoc|Any CPU = Ad-Hoc|Any CPU
		Ad-Hoc|ARM = Ad-Hoc|ARM
		Ad-Hoc|iPhone = Ad-Hoc|iPhone
		Ad-Hoc|iPhoneSimulator = Ad-Hoc|iPhoneSimulator
		Ad-Hoc|Mixed Platforms = Ad-Hoc|Mixed Platforms
		Ad-Hoc|x64 = Ad-Hoc|x64
		Ad-Hoc|x86 = Ad-Hoc|x86
		AppStore|Any CPU = AppStore|Any CPU
		AppStore|ARM = AppStore|ARM
		AppStore|iPhone = AppStore|iPhone
		AppStore|iPhoneSimulator = AppStore|iPhoneSimulator
		AppStore|Mixed Platforms = AppStore|Mixed Platforms
		AppStore|x64 = AppStore|x64
		AppStore|x86 = AppStore|x86
		Debug|Any CPU = Debug|Any CPU
		Debug|ARM = Debug|ARM
		Debug|iPhone = Debug|iPhone
		Debug|iPhoneSimulator = Debug|iPhoneSimulator
		Debug|Mixed Platforms = Debug|Mixed Platforms
		Debug|x64 = Debug|x64
		Debug|x86 = Debug|x86
		Release|Any CPU = Release|Any CPU
		Release|ARM = Release|ARM
		Release|iPhone = Release|iPhone
		Release|iPhoneSimulator = Release|iPhoneSimulator
		Release|Mixed Platforms = Release|Mixed Platforms
		Release|x64 = Release|x64
		Release|x86 = Release|x86
	EndGlobalSection
	GlobalSection(ProjectConfigurationPlatforms) = postSolution
		{2882AEEB-D4CD-4EB9-8A6C-6653B33681F0}.Ad-Hoc|Any CPU.ActiveCfg = Release|Any CPU
		{2882AEEB-D4CD-4EB9-8A6C-6653B33681F0}.Ad-Hoc|Any CPU.Build.0 = Release|Any CPU
		{2882AEEB-D4CD-4EB9-8A6C-6653B33681F0}.Ad-Hoc|ARM.ActiveCfg = Release|Any CPU
		{2882AEEB-D4CD-4EB9-8A6C-6653B33681F0}.Ad-Hoc|ARM.Build.0 = Release|Any CPU
		{2882AEEB-D4CD-4EB9-8A6C-6653B33681F0}.Ad-Hoc|iPhone.ActiveCfg = Release|Any CPU
		{2882AEEB-D4CD-4EB9-8A6C-6653B33681F0}.Ad-Hoc|iPhone.Build.0 = Release|Any CPU
		{2882AEEB-D4CD-4EB9-8A6C-6653B33681F0}.Ad-Hoc|iPhoneSimulator.ActiveCfg = Release|Any CPU
		{2882AEEB-D4CD-4EB9-8A6C-6653B33681F0}.Ad-Hoc|iPhoneSimulator.Build.0 = Release|Any CPU
		{2882AEEB-D4CD-4EB9-8A6C-6653B33681F0}.Ad-Hoc|Mixed Platforms.ActiveCfg = Debug|Any CPU
		{2882AEEB-D4CD-4EB9-8A6C-6653B33681F0}.Ad-Hoc|Mixed Platforms.Build.0 = Debug|Any CPU
		{2882AEEB-D4CD-4EB9-8A6C-6653B33681F0}.Ad-Hoc|x64.ActiveCfg = Release|Any CPU
		{2882AEEB-D4CD-4EB9-8A6C-6653B33681F0}.Ad-Hoc|x64.Build.0 = Release|Any CPU
		{2882AEEB-D4CD-4EB9-8A6C-6653B33681F0}.Ad-Hoc|x86.ActiveCfg = Release|Any CPU
		{2882AEEB-D4CD-4EB9-8A6C-6653B33681F0}.Ad-Hoc|x86.Build.0 = Release|Any CPU
		{2882AEEB-D4CD-4EB9-8A6C-6653B33681F0}.AppStore|Any CPU.ActiveCfg = Release|Any CPU
		{2882AEEB-D4CD-4EB9-8A6C-6653B33681F0}.AppStore|Any CPU.Build.0 = Release|Any CPU
		{2882AEEB-D4CD-4EB9-8A6C-6653B33681F0}.AppStore|ARM.ActiveCfg = Release|Any CPU
		{2882AEEB-D4CD-4EB9-8A6C-6653B33681F0}.AppStore|ARM.Build.0 = Release|Any CPU
		{2882AEEB-D4CD-4EB9-8A6C-6653B33681F0}.AppStore|iPhone.ActiveCfg = Release|Any CPU
		{2882AEEB-D4CD-4EB9-8A6C-6653B33681F0}.AppStore|iPhone.Build.0 = Release|Any CPU
		{2882AEEB-D4CD-4EB9-8A6C-6653B33681F0}.AppStore|iPhoneSimulator.ActiveCfg = Release|Any CPU
		{2882AEEB-D4CD-4EB9-8A6C-6653B33681F0}.AppStore|iPhoneSimulator.Build.0 = Release|Any CPU
		{2882AEEB-D4CD-4EB9-8A6C-6653B33681F0}.AppStore|Mixed Platforms.ActiveCfg = Debug|Any CPU
		{2882AEEB-D4CD-4EB9-8A6C-6653B33681F0}.AppStore|Mixed Platforms.Build.0 = Debug|Any CPU
		{2882AEEB-D4CD-4EB9-8A6C-6653B33681F0}.AppStore|x64.ActiveCfg = Release|Any CPU
		{2882AEEB-D4CD-4EB9-8A6C-6653B33681F0}.AppStore|x64.Build.0 = Release|Any CPU
		{2882AEEB-D4CD-4EB9-8A6C-6653B33681F0}.AppStore|x86.ActiveCfg = Release|Any CPU
		{2882AEEB-D4CD-4EB9-8A6C-6653B33681F0}.AppStore|x86.Build.0 = Release|Any CPU
		{2882AEEB-D4CD-4EB9-8A6C-6653B33681F0}.Debug|Any CPU.ActiveCfg = Debug|Any CPU
		{2882AEEB-D4CD-4EB9-8A6C-6653B33681F0}.Debug|Any CPU.Build.0 = Debug|Any CPU
		{2882AEEB-D4CD-4EB9-8A6C-6653B33681F0}.Debug|ARM.ActiveCfg = Debug|Any CPU
		{2882AEEB-D4CD-4EB9-8A6C-6653B33681F0}.Debug|ARM.Build.0 = Debug|Any CPU
		{2882AEEB-D4CD-4EB9-8A6C-6653B33681F0}.Debug|iPhone.ActiveCfg = Debug|Any CPU
		{2882AEEB-D4CD-4EB9-8A6C-6653B33681F0}.Debug|iPhone.Build.0 = Debug|Any CPU
		{2882AEEB-D4CD-4EB9-8A6C-6653B33681F0}.Debug|iPhoneSimulator.ActiveCfg = Debug|Any CPU
		{2882AEEB-D4CD-4EB9-8A6C-6653B33681F0}.Debug|iPhoneSimulator.Build.0 = Debug|Any CPU
		{2882AEEB-D4CD-4EB9-8A6C-6653B33681F0}.Debug|Mixed Platforms.ActiveCfg = Debug|Any CPU
		{2882AEEB-D4CD-4EB9-8A6C-6653B33681F0}.Debug|Mixed Platforms.Build.0 = Debug|Any CPU
		{2882AEEB-D4CD-4EB9-8A6C-6653B33681F0}.Debug|x64.ActiveCfg = Debug|Any CPU
		{2882AEEB-D4CD-4EB9-8A6C-6653B33681F0}.Debug|x64.Build.0 = Debug|Any CPU
		{2882AEEB-D4CD-4EB9-8A6C-6653B33681F0}.Debug|x86.ActiveCfg = Debug|Any CPU
		{2882AEEB-D4CD-4EB9-8A6C-6653B33681F0}.Debug|x86.Build.0 = Debug|Any CPU
		{2882AEEB-D4CD-4EB9-8A6C-6653B33681F0}.Release|Any CPU.ActiveCfg = Release|Any CPU
		{2882AEEB-D4CD-4EB9-8A6C-6653B33681F0}.Release|Any CPU.Build.0 = Release|Any CPU
		{2882AEEB-D4CD-4EB9-8A6C-6653B33681F0}.Release|ARM.ActiveCfg = Release|Any CPU
		{2882AEEB-D4CD-4EB9-8A6C-6653B33681F0}.Release|ARM.Build.0 = Release|Any CPU
		{2882AEEB-D4CD-4EB9-8A6C-6653B33681F0}.Release|iPhone.ActiveCfg = Release|Any CPU
		{2882AEEB-D4CD-4EB9-8A6C-6653B33681F0}.Release|iPhone.Build.0 = Release|Any CPU
		{2882AEEB-D4CD-4EB9-8A6C-6653B33681F0}.Release|iPhoneSimulator.ActiveCfg = Release|Any CPU
		{2882AEEB-D4CD-4EB9-8A6C-6653B33681F0}.Release|iPhoneSimulator.Build.0 = Release|Any CPU
		{2882AEEB-D4CD-4EB9-8A6C-6653B33681F0}.Release|Mixed Platforms.ActiveCfg = Release|Any CPU
		{2882AEEB-D4CD-4EB9-8A6C-6653B33681F0}.Release|Mixed Platforms.Build.0 = Release|Any CPU
		{2882AEEB-D4CD-4EB9-8A6C-6653B33681F0}.Release|x64.ActiveCfg = Release|Any CPU
		{2882AEEB-D4CD-4EB9-8A6C-6653B33681F0}.Release|x64.Build.0 = Release|Any CPU
		{2882AEEB-D4CD-4EB9-8A6C-6653B33681F0}.Release|x86.ActiveCfg = Release|Any CPU
		{2882AEEB-D4CD-4EB9-8A6C-6653B33681F0}.Release|x86.Build.0 = Release|Any CPU
		{56A56F17-7DE1-4CA1-9617-BF32E971AC84}.Ad-Hoc|Any CPU.ActiveCfg = Release|Any CPU
		{56A56F17-7DE1-4CA1-9617-BF32E971AC84}.Ad-Hoc|Any CPU.Build.0 = Release|Any CPU
		{56A56F17-7DE1-4CA1-9617-BF32E971AC84}.Ad-Hoc|ARM.ActiveCfg = Release|Any CPU
		{56A56F17-7DE1-4CA1-9617-BF32E971AC84}.Ad-Hoc|ARM.Build.0 = Release|Any CPU
		{56A56F17-7DE1-4CA1-9617-BF32E971AC84}.Ad-Hoc|iPhone.ActiveCfg = Release|Any CPU
		{56A56F17-7DE1-4CA1-9617-BF32E971AC84}.Ad-Hoc|iPhone.Build.0 = Release|Any CPU
		{56A56F17-7DE1-4CA1-9617-BF32E971AC84}.Ad-Hoc|iPhoneSimulator.ActiveCfg = Release|Any CPU
		{56A56F17-7DE1-4CA1-9617-BF32E971AC84}.Ad-Hoc|iPhoneSimulator.Build.0 = Release|Any CPU
		{56A56F17-7DE1-4CA1-9617-BF32E971AC84}.Ad-Hoc|Mixed Platforms.ActiveCfg = Debug|Any CPU
		{56A56F17-7DE1-4CA1-9617-BF32E971AC84}.Ad-Hoc|Mixed Platforms.Build.0 = Debug|Any CPU
		{56A56F17-7DE1-4CA1-9617-BF32E971AC84}.Ad-Hoc|x64.ActiveCfg = Release|Any CPU
		{56A56F17-7DE1-4CA1-9617-BF32E971AC84}.Ad-Hoc|x64.Build.0 = Release|Any CPU
		{56A56F17-7DE1-4CA1-9617-BF32E971AC84}.Ad-Hoc|x86.ActiveCfg = Release|Any CPU
		{56A56F17-7DE1-4CA1-9617-BF32E971AC84}.Ad-Hoc|x86.Build.0 = Release|Any CPU
		{56A56F17-7DE1-4CA1-9617-BF32E971AC84}.AppStore|Any CPU.ActiveCfg = Release|Any CPU
		{56A56F17-7DE1-4CA1-9617-BF32E971AC84}.AppStore|Any CPU.Build.0 = Release|Any CPU
		{56A56F17-7DE1-4CA1-9617-BF32E971AC84}.AppStore|ARM.ActiveCfg = Release|Any CPU
		{56A56F17-7DE1-4CA1-9617-BF32E971AC84}.AppStore|ARM.Build.0 = Release|Any CPU
		{56A56F17-7DE1-4CA1-9617-BF32E971AC84}.AppStore|iPhone.ActiveCfg = Release|Any CPU
		{56A56F17-7DE1-4CA1-9617-BF32E971AC84}.AppStore|iPhone.Build.0 = Release|Any CPU
		{56A56F17-7DE1-4CA1-9617-BF32E971AC84}.AppStore|iPhoneSimulator.ActiveCfg = Release|Any CPU
		{56A56F17-7DE1-4CA1-9617-BF32E971AC84}.AppStore|iPhoneSimulator.Build.0 = Release|Any CPU
		{56A56F17-7DE1-4CA1-9617-BF32E971AC84}.AppStore|Mixed Platforms.ActiveCfg = Debug|Any CPU
		{56A56F17-7DE1-4CA1-9617-BF32E971AC84}.AppStore|Mixed Platforms.Build.0 = Debug|Any CPU
		{56A56F17-7DE1-4CA1-9617-BF32E971AC84}.AppStore|x64.ActiveCfg = Release|Any CPU
		{56A56F17-7DE1-4CA1-9617-BF32E971AC84}.AppStore|x64.Build.0 = Release|Any CPU
		{56A56F17-7DE1-4CA1-9617-BF32E971AC84}.AppStore|x86.ActiveCfg = Release|Any CPU
		{56A56F17-7DE1-4CA1-9617-BF32E971AC84}.AppStore|x86.Build.0 = Release|Any CPU
		{56A56F17-7DE1-4CA1-9617-BF32E971AC84}.Debug|Any CPU.ActiveCfg = Debug|Any CPU
		{56A56F17-7DE1-4CA1-9617-BF32E971AC84}.Debug|Any CPU.Build.0 = Debug|Any CPU
		{56A56F17-7DE1-4CA1-9617-BF32E971AC84}.Debug|ARM.ActiveCfg = Debug|Any CPU
		{56A56F17-7DE1-4CA1-9617-BF32E971AC84}.Debug|ARM.Build.0 = Debug|Any CPU
		{56A56F17-7DE1-4CA1-9617-BF32E971AC84}.Debug|iPhone.ActiveCfg = Debug|Any CPU
		{56A56F17-7DE1-4CA1-9617-BF32E971AC84}.Debug|iPhone.Build.0 = Debug|Any CPU
		{56A56F17-7DE1-4CA1-9617-BF32E971AC84}.Debug|iPhoneSimulator.ActiveCfg = Debug|Any CPU
		{56A56F17-7DE1-4CA1-9617-BF32E971AC84}.Debug|iPhoneSimulator.Build.0 = Debug|Any CPU
		{56A56F17-7DE1-4CA1-9617-BF32E971AC84}.Debug|Mixed Platforms.ActiveCfg = Debug|Any CPU
		{56A56F17-7DE1-4CA1-9617-BF32E971AC84}.Debug|Mixed Platforms.Build.0 = Debug|Any CPU
		{56A56F17-7DE1-4CA1-9617-BF32E971AC84}.Debug|x64.ActiveCfg = Debug|Any CPU
		{56A56F17-7DE1-4CA1-9617-BF32E971AC84}.Debug|x64.Build.0 = Debug|Any CPU
		{56A56F17-7DE1-4CA1-9617-BF32E971AC84}.Debug|x86.ActiveCfg = Debug|Any CPU
		{56A56F17-7DE1-4CA1-9617-BF32E971AC84}.Debug|x86.Build.0 = Debug|Any CPU
		{56A56F17-7DE1-4CA1-9617-BF32E971AC84}.Release|Any CPU.ActiveCfg = Release|Any CPU
		{56A56F17-7DE1-4CA1-9617-BF32E971AC84}.Release|Any CPU.Build.0 = Release|Any CPU
		{56A56F17-7DE1-4CA1-9617-BF32E971AC84}.Release|ARM.ActiveCfg = Release|Any CPU
		{56A56F17-7DE1-4CA1-9617-BF32E971AC84}.Release|ARM.Build.0 = Release|Any CPU
		{56A56F17-7DE1-4CA1-9617-BF32E971AC84}.Release|iPhone.ActiveCfg = Release|Any CPU
		{56A56F17-7DE1-4CA1-9617-BF32E971AC84}.Release|iPhone.Build.0 = Release|Any CPU
		{56A56F17-7DE1-4CA1-9617-BF32E971AC84}.Release|iPhoneSimulator.ActiveCfg = Release|Any CPU
		{56A56F17-7DE1-4CA1-9617-BF32E971AC84}.Release|iPhoneSimulator.Build.0 = Release|Any CPU
		{56A56F17-7DE1-4CA1-9617-BF32E971AC84}.Release|Mixed Platforms.ActiveCfg = Release|Any CPU
		{56A56F17-7DE1-4CA1-9617-BF32E971AC84}.Release|Mixed Platforms.Build.0 = Release|Any CPU
		{56A56F17-7DE1-4CA1-9617-BF32E971AC84}.Release|x64.ActiveCfg = Release|Any CPU
		{56A56F17-7DE1-4CA1-9617-BF32E971AC84}.Release|x64.Build.0 = Release|Any CPU
		{56A56F17-7DE1-4CA1-9617-BF32E971AC84}.Release|x86.ActiveCfg = Release|Any CPU
		{56A56F17-7DE1-4CA1-9617-BF32E971AC84}.Release|x86.Build.0 = Release|Any CPU
		{D723D9F6-7DDC-4208-AD38-F67C58CC7574}.Ad-Hoc|Any CPU.ActiveCfg = Release|Any CPU
		{D723D9F6-7DDC-4208-AD38-F67C58CC7574}.Ad-Hoc|Any CPU.Build.0 = Release|Any CPU
		{D723D9F6-7DDC-4208-AD38-F67C58CC7574}.Ad-Hoc|ARM.ActiveCfg = Release|ARM
		{D723D9F6-7DDC-4208-AD38-F67C58CC7574}.Ad-Hoc|ARM.Build.0 = Release|ARM
		{D723D9F6-7DDC-4208-AD38-F67C58CC7574}.Ad-Hoc|iPhone.ActiveCfg = Release|Any CPU
		{D723D9F6-7DDC-4208-AD38-F67C58CC7574}.Ad-Hoc|iPhone.Build.0 = Release|Any CPU
		{D723D9F6-7DDC-4208-AD38-F67C58CC7574}.Ad-Hoc|iPhoneSimulator.ActiveCfg = Release|Any CPU
		{D723D9F6-7DDC-4208-AD38-F67C58CC7574}.Ad-Hoc|iPhoneSimulator.Build.0 = Release|Any CPU
		{D723D9F6-7DDC-4208-AD38-F67C58CC7574}.Ad-Hoc|Mixed Platforms.ActiveCfg = Release|x86
		{D723D9F6-7DDC-4208-AD38-F67C58CC7574}.Ad-Hoc|Mixed Platforms.Build.0 = Release|x86
		{D723D9F6-7DDC-4208-AD38-F67C58CC7574}.Ad-Hoc|x64.ActiveCfg = Release|x64
		{D723D9F6-7DDC-4208-AD38-F67C58CC7574}.Ad-Hoc|x64.Build.0 = Release|x64
		{D723D9F6-7DDC-4208-AD38-F67C58CC7574}.Ad-Hoc|x86.ActiveCfg = Release|x86
		{D723D9F6-7DDC-4208-AD38-F67C58CC7574}.Ad-Hoc|x86.Build.0 = Release|x86
		{D723D9F6-7DDC-4208-AD38-F67C58CC7574}.AppStore|Any CPU.ActiveCfg = Release|Any CPU
		{D723D9F6-7DDC-4208-AD38-F67C58CC7574}.AppStore|Any CPU.Build.0 = Release|Any CPU
		{D723D9F6-7DDC-4208-AD38-F67C58CC7574}.AppStore|ARM.ActiveCfg = Release|ARM
		{D723D9F6-7DDC-4208-AD38-F67C58CC7574}.AppStore|ARM.Build.0 = Release|ARM
		{D723D9F6-7DDC-4208-AD38-F67C58CC7574}.AppStore|iPhone.ActiveCfg = Release|Any CPU
		{D723D9F6-7DDC-4208-AD38-F67C58CC7574}.AppStore|iPhone.Build.0 = Release|Any CPU
		{D723D9F6-7DDC-4208-AD38-F67C58CC7574}.AppStore|iPhoneSimulator.ActiveCfg = Release|Any CPU
		{D723D9F6-7DDC-4208-AD38-F67C58CC7574}.AppStore|iPhoneSimulator.Build.0 = Release|Any CPU
		{D723D9F6-7DDC-4208-AD38-F67C58CC7574}.AppStore|Mixed Platforms.ActiveCfg = Release|x86
		{D723D9F6-7DDC-4208-AD38-F67C58CC7574}.AppStore|Mixed Platforms.Build.0 = Release|x86
		{D723D9F6-7DDC-4208-AD38-F67C58CC7574}.AppStore|x64.ActiveCfg = Release|x64
		{D723D9F6-7DDC-4208-AD38-F67C58CC7574}.AppStore|x64.Build.0 = Release|x64
		{D723D9F6-7DDC-4208-AD38-F67C58CC7574}.AppStore|x86.ActiveCfg = Release|x86
		{D723D9F6-7DDC-4208-AD38-F67C58CC7574}.AppStore|x86.Build.0 = Release|x86
		{D723D9F6-7DDC-4208-AD38-F67C58CC7574}.Debug|Any CPU.ActiveCfg = Debug|Any CPU
		{D723D9F6-7DDC-4208-AD38-F67C58CC7574}.Debug|Any CPU.Build.0 = Debug|Any CPU
		{D723D9F6-7DDC-4208-AD38-F67C58CC7574}.Debug|ARM.ActiveCfg = Debug|ARM
		{D723D9F6-7DDC-4208-AD38-F67C58CC7574}.Debug|ARM.Build.0 = Debug|ARM
		{D723D9F6-7DDC-4208-AD38-F67C58CC7574}.Debug|iPhone.ActiveCfg = Debug|Any CPU
		{D723D9F6-7DDC-4208-AD38-F67C58CC7574}.Debug|iPhone.Build.0 = Debug|Any CPU
		{D723D9F6-7DDC-4208-AD38-F67C58CC7574}.Debug|iPhoneSimulator.ActiveCfg = Debug|Any CPU
		{D723D9F6-7DDC-4208-AD38-F67C58CC7574}.Debug|iPhoneSimulator.Build.0 = Debug|Any CPU
		{D723D9F6-7DDC-4208-AD38-F67C58CC7574}.Debug|Mixed Platforms.ActiveCfg = Debug|x86
		{D723D9F6-7DDC-4208-AD38-F67C58CC7574}.Debug|Mixed Platforms.Build.0 = Debug|x86
		{D723D9F6-7DDC-4208-AD38-F67C58CC7574}.Debug|x64.ActiveCfg = Debug|x64
		{D723D9F6-7DDC-4208-AD38-F67C58CC7574}.Debug|x64.Build.0 = Debug|x64
		{D723D9F6-7DDC-4208-AD38-F67C58CC7574}.Debug|x86.ActiveCfg = Debug|x86
		{D723D9F6-7DDC-4208-AD38-F67C58CC7574}.Debug|x86.Build.0 = Debug|x86
		{D723D9F6-7DDC-4208-AD38-F67C58CC7574}.Release|Any CPU.ActiveCfg = Release|Any CPU
		{D723D9F6-7DDC-4208-AD38-F67C58CC7574}.Release|Any CPU.Build.0 = Release|Any CPU
		{D723D9F6-7DDC-4208-AD38-F67C58CC7574}.Release|ARM.ActiveCfg = Release|ARM
		{D723D9F6-7DDC-4208-AD38-F67C58CC7574}.Release|ARM.Build.0 = Release|ARM
		{D723D9F6-7DDC-4208-AD38-F67C58CC7574}.Release|iPhone.ActiveCfg = Release|Any CPU
		{D723D9F6-7DDC-4208-AD38-F67C58CC7574}.Release|iPhone.Build.0 = Release|Any CPU
		{D723D9F6-7DDC-4208-AD38-F67C58CC7574}.Release|iPhoneSimulator.ActiveCfg = Release|Any CPU
		{D723D9F6-7DDC-4208-AD38-F67C58CC7574}.Release|iPhoneSimulator.Build.0 = Release|Any CPU
		{D723D9F6-7DDC-4208-AD38-F67C58CC7574}.Release|Mixed Platforms.ActiveCfg = Release|x86
		{D723D9F6-7DDC-4208-AD38-F67C58CC7574}.Release|Mixed Platforms.Build.0 = Release|x86
		{D723D9F6-7DDC-4208-AD38-F67C58CC7574}.Release|x64.ActiveCfg = Release|x64
		{D723D9F6-7DDC-4208-AD38-F67C58CC7574}.Release|x64.Build.0 = Release|x64
		{D723D9F6-7DDC-4208-AD38-F67C58CC7574}.Release|x86.ActiveCfg = Release|Any CPU
		{D723D9F6-7DDC-4208-AD38-F67C58CC7574}.Release|x86.Build.0 = Release|Any CPU
		{0F183FA6-5A54-4CE7-810A-801937115DE3}.Ad-Hoc|Any CPU.ActiveCfg = Release|Any CPU
		{0F183FA6-5A54-4CE7-810A-801937115DE3}.Ad-Hoc|Any CPU.Build.0 = Release|Any CPU
		{0F183FA6-5A54-4CE7-810A-801937115DE3}.Ad-Hoc|ARM.ActiveCfg = Release|Any CPU
		{0F183FA6-5A54-4CE7-810A-801937115DE3}.Ad-Hoc|ARM.Build.0 = Release|Any CPU
		{0F183FA6-5A54-4CE7-810A-801937115DE3}.Ad-Hoc|iPhone.ActiveCfg = Release|Any CPU
		{0F183FA6-5A54-4CE7-810A-801937115DE3}.Ad-Hoc|iPhone.Build.0 = Release|Any CPU
		{0F183FA6-5A54-4CE7-810A-801937115DE3}.Ad-Hoc|iPhoneSimulator.ActiveCfg = Release|Any CPU
		{0F183FA6-5A54-4CE7-810A-801937115DE3}.Ad-Hoc|iPhoneSimulator.Build.0 = Release|Any CPU
		{0F183FA6-5A54-4CE7-810A-801937115DE3}.Ad-Hoc|Mixed Platforms.ActiveCfg = Release|Any CPU
		{0F183FA6-5A54-4CE7-810A-801937115DE3}.Ad-Hoc|Mixed Platforms.Build.0 = Release|Any CPU
		{0F183FA6-5A54-4CE7-810A-801937115DE3}.Ad-Hoc|x64.ActiveCfg = Release|Any CPU
		{0F183FA6-5A54-4CE7-810A-801937115DE3}.Ad-Hoc|x64.Build.0 = Release|Any CPU
		{0F183FA6-5A54-4CE7-810A-801937115DE3}.Ad-Hoc|x86.ActiveCfg = Release|Any CPU
		{0F183FA6-5A54-4CE7-810A-801937115DE3}.Ad-Hoc|x86.Build.0 = Release|Any CPU
		{0F183FA6-5A54-4CE7-810A-801937115DE3}.AppStore|Any CPU.ActiveCfg = Release|Any CPU
		{0F183FA6-5A54-4CE7-810A-801937115DE3}.AppStore|Any CPU.Build.0 = Release|Any CPU
		{0F183FA6-5A54-4CE7-810A-801937115DE3}.AppStore|ARM.ActiveCfg = Release|Any CPU
		{0F183FA6-5A54-4CE7-810A-801937115DE3}.AppStore|ARM.Build.0 = Release|Any CPU
		{0F183FA6-5A54-4CE7-810A-801937115DE3}.AppStore|iPhone.ActiveCfg = Release|Any CPU
		{0F183FA6-5A54-4CE7-810A-801937115DE3}.AppStore|iPhone.Build.0 = Release|Any CPU
		{0F183FA6-5A54-4CE7-810A-801937115DE3}.AppStore|iPhoneSimulator.ActiveCfg = Release|Any CPU
		{0F183FA6-5A54-4CE7-810A-801937115DE3}.AppStore|iPhoneSimulator.Build.0 = Release|Any CPU
		{0F183FA6-5A54-4CE7-810A-801937115DE3}.AppStore|Mixed Platforms.ActiveCfg = Release|Any CPU
		{0F183FA6-5A54-4CE7-810A-801937115DE3}.AppStore|Mixed Platforms.Build.0 = Release|Any CPU
		{0F183FA6-5A54-4CE7-810A-801937115DE3}.AppStore|x64.ActiveCfg = Release|Any CPU
		{0F183FA6-5A54-4CE7-810A-801937115DE3}.AppStore|x64.Build.0 = Release|Any CPU
		{0F183FA6-5A54-4CE7-810A-801937115DE3}.AppStore|x86.ActiveCfg = Release|Any CPU
		{0F183FA6-5A54-4CE7-810A-801937115DE3}.AppStore|x86.Build.0 = Release|Any CPU
		{0F183FA6-5A54-4CE7-810A-801937115DE3}.Debug|Any CPU.ActiveCfg = Debug|Any CPU
		{0F183FA6-5A54-4CE7-810A-801937115DE3}.Debug|Any CPU.Build.0 = Debug|Any CPU
		{0F183FA6-5A54-4CE7-810A-801937115DE3}.Debug|ARM.ActiveCfg = Debug|Any CPU
		{0F183FA6-5A54-4CE7-810A-801937115DE3}.Debug|ARM.Build.0 = Debug|Any CPU
		{0F183FA6-5A54-4CE7-810A-801937115DE3}.Debug|iPhone.ActiveCfg = Debug|Any CPU
		{0F183FA6-5A54-4CE7-810A-801937115DE3}.Debug|iPhone.Build.0 = Debug|Any CPU
		{0F183FA6-5A54-4CE7-810A-801937115DE3}.Debug|iPhoneSimulator.ActiveCfg = Debug|Any CPU
		{0F183FA6-5A54-4CE7-810A-801937115DE3}.Debug|iPhoneSimulator.Build.0 = Debug|Any CPU
		{0F183FA6-5A54-4CE7-810A-801937115DE3}.Debug|Mixed Platforms.ActiveCfg = Debug|Any CPU
		{0F183FA6-5A54-4CE7-810A-801937115DE3}.Debug|Mixed Platforms.Build.0 = Debug|Any CPU
		{0F183FA6-5A54-4CE7-810A-801937115DE3}.Debug|x64.ActiveCfg = Debug|Any CPU
		{0F183FA6-5A54-4CE7-810A-801937115DE3}.Debug|x64.Build.0 = Debug|Any CPU
		{0F183FA6-5A54-4CE7-810A-801937115DE3}.Debug|x86.ActiveCfg = Debug|Any CPU
		{0F183FA6-5A54-4CE7-810A-801937115DE3}.Debug|x86.Build.0 = Debug|Any CPU
		{0F183FA6-5A54-4CE7-810A-801937115DE3}.Release|Any CPU.ActiveCfg = Release|Any CPU
		{0F183FA6-5A54-4CE7-810A-801937115DE3}.Release|Any CPU.Build.0 = Release|Any CPU
		{0F183FA6-5A54-4CE7-810A-801937115DE3}.Release|ARM.ActiveCfg = Release|Any CPU
		{0F183FA6-5A54-4CE7-810A-801937115DE3}.Release|ARM.Build.0 = Release|Any CPU
		{0F183FA6-5A54-4CE7-810A-801937115DE3}.Release|iPhone.ActiveCfg = Release|Any CPU
		{0F183FA6-5A54-4CE7-810A-801937115DE3}.Release|iPhone.Build.0 = Release|Any CPU
		{0F183FA6-5A54-4CE7-810A-801937115DE3}.Release|iPhoneSimulator.ActiveCfg = Release|Any CPU
		{0F183FA6-5A54-4CE7-810A-801937115DE3}.Release|iPhoneSimulator.Build.0 = Release|Any CPU
		{0F183FA6-5A54-4CE7-810A-801937115DE3}.Release|Mixed Platforms.ActiveCfg = Release|Any CPU
		{0F183FA6-5A54-4CE7-810A-801937115DE3}.Release|Mixed Platforms.Build.0 = Release|Any CPU
		{0F183FA6-5A54-4CE7-810A-801937115DE3}.Release|x64.ActiveCfg = Release|Any CPU
		{0F183FA6-5A54-4CE7-810A-801937115DE3}.Release|x64.Build.0 = Release|Any CPU
		{0F183FA6-5A54-4CE7-810A-801937115DE3}.Release|x86.ActiveCfg = Release|Any CPU
		{0F183FA6-5A54-4CE7-810A-801937115DE3}.Release|x86.Build.0 = Release|Any CPU
		{401C3C4E-EB55-4F03-8E7F-94E5BA23EF64}.Ad-Hoc|Any CPU.ActiveCfg = Release|Any CPU
		{401C3C4E-EB55-4F03-8E7F-94E5BA23EF64}.Ad-Hoc|Any CPU.Build.0 = Release|Any CPU
		{401C3C4E-EB55-4F03-8E7F-94E5BA23EF64}.Ad-Hoc|Any CPU.Deploy.0 = Release|Any CPU
		{401C3C4E-EB55-4F03-8E7F-94E5BA23EF64}.Ad-Hoc|ARM.ActiveCfg = Release|Any CPU
		{401C3C4E-EB55-4F03-8E7F-94E5BA23EF64}.Ad-Hoc|ARM.Build.0 = Release|Any CPU
		{401C3C4E-EB55-4F03-8E7F-94E5BA23EF64}.Ad-Hoc|ARM.Deploy.0 = Release|Any CPU
		{401C3C4E-EB55-4F03-8E7F-94E5BA23EF64}.Ad-Hoc|iPhone.ActiveCfg = Release|Any CPU
		{401C3C4E-EB55-4F03-8E7F-94E5BA23EF64}.Ad-Hoc|iPhone.Build.0 = Release|Any CPU
		{401C3C4E-EB55-4F03-8E7F-94E5BA23EF64}.Ad-Hoc|iPhone.Deploy.0 = Release|Any CPU
		{401C3C4E-EB55-4F03-8E7F-94E5BA23EF64}.Ad-Hoc|iPhoneSimulator.ActiveCfg = Release|Any CPU
		{401C3C4E-EB55-4F03-8E7F-94E5BA23EF64}.Ad-Hoc|iPhoneSimulator.Build.0 = Release|Any CPU
		{401C3C4E-EB55-4F03-8E7F-94E5BA23EF64}.Ad-Hoc|iPhoneSimulator.Deploy.0 = Release|Any CPU
		{401C3C4E-EB55-4F03-8E7F-94E5BA23EF64}.Ad-Hoc|Mixed Platforms.ActiveCfg = Release|Any CPU
		{401C3C4E-EB55-4F03-8E7F-94E5BA23EF64}.Ad-Hoc|Mixed Platforms.Build.0 = Release|Any CPU
		{401C3C4E-EB55-4F03-8E7F-94E5BA23EF64}.Ad-Hoc|Mixed Platforms.Deploy.0 = Release|Any CPU
		{401C3C4E-EB55-4F03-8E7F-94E5BA23EF64}.Ad-Hoc|x64.ActiveCfg = Release|Any CPU
		{401C3C4E-EB55-4F03-8E7F-94E5BA23EF64}.Ad-Hoc|x64.Build.0 = Release|Any CPU
		{401C3C4E-EB55-4F03-8E7F-94E5BA23EF64}.Ad-Hoc|x64.Deploy.0 = Release|Any CPU
		{401C3C4E-EB55-4F03-8E7F-94E5BA23EF64}.Ad-Hoc|x86.ActiveCfg = Release|Any CPU
		{401C3C4E-EB55-4F03-8E7F-94E5BA23EF64}.Ad-Hoc|x86.Build.0 = Release|Any CPU
		{401C3C4E-EB55-4F03-8E7F-94E5BA23EF64}.Ad-Hoc|x86.Deploy.0 = Release|Any CPU
		{401C3C4E-EB55-4F03-8E7F-94E5BA23EF64}.AppStore|Any CPU.ActiveCfg = Release|Any CPU
		{401C3C4E-EB55-4F03-8E7F-94E5BA23EF64}.AppStore|Any CPU.Build.0 = Release|Any CPU
		{401C3C4E-EB55-4F03-8E7F-94E5BA23EF64}.AppStore|Any CPU.Deploy.0 = Release|Any CPU
		{401C3C4E-EB55-4F03-8E7F-94E5BA23EF64}.AppStore|ARM.ActiveCfg = Release|Any CPU
		{401C3C4E-EB55-4F03-8E7F-94E5BA23EF64}.AppStore|ARM.Build.0 = Release|Any CPU
		{401C3C4E-EB55-4F03-8E7F-94E5BA23EF64}.AppStore|ARM.Deploy.0 = Release|Any CPU
		{401C3C4E-EB55-4F03-8E7F-94E5BA23EF64}.AppStore|iPhone.ActiveCfg = Release|Any CPU
		{401C3C4E-EB55-4F03-8E7F-94E5BA23EF64}.AppStore|iPhone.Build.0 = Release|Any CPU
		{401C3C4E-EB55-4F03-8E7F-94E5BA23EF64}.AppStore|iPhone.Deploy.0 = Release|Any CPU
		{401C3C4E-EB55-4F03-8E7F-94E5BA23EF64}.AppStore|iPhoneSimulator.ActiveCfg = Release|Any CPU
		{401C3C4E-EB55-4F03-8E7F-94E5BA23EF64}.AppStore|iPhoneSimulator.Build.0 = Release|Any CPU
		{401C3C4E-EB55-4F03-8E7F-94E5BA23EF64}.AppStore|iPhoneSimulator.Deploy.0 = Release|Any CPU
		{401C3C4E-EB55-4F03-8E7F-94E5BA23EF64}.AppStore|Mixed Platforms.ActiveCfg = Release|Any CPU
		{401C3C4E-EB55-4F03-8E7F-94E5BA23EF64}.AppStore|Mixed Platforms.Build.0 = Release|Any CPU
		{401C3C4E-EB55-4F03-8E7F-94E5BA23EF64}.AppStore|Mixed Platforms.Deploy.0 = Release|Any CPU
		{401C3C4E-EB55-4F03-8E7F-94E5BA23EF64}.AppStore|x64.ActiveCfg = Release|Any CPU
		{401C3C4E-EB55-4F03-8E7F-94E5BA23EF64}.AppStore|x64.Build.0 = Release|Any CPU
		{401C3C4E-EB55-4F03-8E7F-94E5BA23EF64}.AppStore|x64.Deploy.0 = Release|Any CPU
		{401C3C4E-EB55-4F03-8E7F-94E5BA23EF64}.AppStore|x86.ActiveCfg = Release|Any CPU
		{401C3C4E-EB55-4F03-8E7F-94E5BA23EF64}.AppStore|x86.Build.0 = Release|Any CPU
		{401C3C4E-EB55-4F03-8E7F-94E5BA23EF64}.AppStore|x86.Deploy.0 = Release|Any CPU
		{401C3C4E-EB55-4F03-8E7F-94E5BA23EF64}.Debug|Any CPU.ActiveCfg = Debug|Any CPU
		{401C3C4E-EB55-4F03-8E7F-94E5BA23EF64}.Debug|Any CPU.Build.0 = Debug|Any CPU
		{401C3C4E-EB55-4F03-8E7F-94E5BA23EF64}.Debug|Any CPU.Deploy.0 = Debug|Any CPU
		{401C3C4E-EB55-4F03-8E7F-94E5BA23EF64}.Debug|ARM.ActiveCfg = Debug|Any CPU
		{401C3C4E-EB55-4F03-8E7F-94E5BA23EF64}.Debug|ARM.Build.0 = Debug|Any CPU
		{401C3C4E-EB55-4F03-8E7F-94E5BA23EF64}.Debug|ARM.Deploy.0 = Debug|Any CPU
		{401C3C4E-EB55-4F03-8E7F-94E5BA23EF64}.Debug|iPhone.ActiveCfg = Debug|Any CPU
		{401C3C4E-EB55-4F03-8E7F-94E5BA23EF64}.Debug|iPhone.Build.0 = Debug|Any CPU
		{401C3C4E-EB55-4F03-8E7F-94E5BA23EF64}.Debug|iPhone.Deploy.0 = Debug|Any CPU
		{401C3C4E-EB55-4F03-8E7F-94E5BA23EF64}.Debug|iPhoneSimulator.ActiveCfg = Debug|Any CPU
		{401C3C4E-EB55-4F03-8E7F-94E5BA23EF64}.Debug|iPhoneSimulator.Build.0 = Debug|Any CPU
		{401C3C4E-EB55-4F03-8E7F-94E5BA23EF64}.Debug|iPhoneSimulator.Deploy.0 = Debug|Any CPU
		{401C3C4E-EB55-4F03-8E7F-94E5BA23EF64}.Debug|Mixed Platforms.ActiveCfg = Debug|Any CPU
		{401C3C4E-EB55-4F03-8E7F-94E5BA23EF64}.Debug|Mixed Platforms.Build.0 = Debug|Any CPU
		{401C3C4E-EB55-4F03-8E7F-94E5BA23EF64}.Debug|Mixed Platforms.Deploy.0 = Debug|Any CPU
		{401C3C4E-EB55-4F03-8E7F-94E5BA23EF64}.Debug|x64.ActiveCfg = Debug|Any CPU
		{401C3C4E-EB55-4F03-8E7F-94E5BA23EF64}.Debug|x64.Build.0 = Debug|Any CPU
		{401C3C4E-EB55-4F03-8E7F-94E5BA23EF64}.Debug|x64.Deploy.0 = Debug|Any CPU
		{401C3C4E-EB55-4F03-8E7F-94E5BA23EF64}.Debug|x86.ActiveCfg = Debug|Any CPU
		{401C3C4E-EB55-4F03-8E7F-94E5BA23EF64}.Debug|x86.Build.0 = Debug|Any CPU
		{401C3C4E-EB55-4F03-8E7F-94E5BA23EF64}.Debug|x86.Deploy.0 = Debug|Any CPU
		{401C3C4E-EB55-4F03-8E7F-94E5BA23EF64}.Release|Any CPU.ActiveCfg = Release|Any CPU
		{401C3C4E-EB55-4F03-8E7F-94E5BA23EF64}.Release|Any CPU.Build.0 = Release|Any CPU
		{401C3C4E-EB55-4F03-8E7F-94E5BA23EF64}.Release|Any CPU.Deploy.0 = Release|Any CPU
		{401C3C4E-EB55-4F03-8E7F-94E5BA23EF64}.Release|ARM.ActiveCfg = Release|Any CPU
		{401C3C4E-EB55-4F03-8E7F-94E5BA23EF64}.Release|ARM.Build.0 = Release|Any CPU
		{401C3C4E-EB55-4F03-8E7F-94E5BA23EF64}.Release|ARM.Deploy.0 = Release|Any CPU
		{401C3C4E-EB55-4F03-8E7F-94E5BA23EF64}.Release|iPhone.ActiveCfg = Release|Any CPU
		{401C3C4E-EB55-4F03-8E7F-94E5BA23EF64}.Release|iPhone.Build.0 = Release|Any CPU
		{401C3C4E-EB55-4F03-8E7F-94E5BA23EF64}.Release|iPhone.Deploy.0 = Release|Any CPU
		{401C3C4E-EB55-4F03-8E7F-94E5BA23EF64}.Release|iPhoneSimulator.ActiveCfg = Release|Any CPU
		{401C3C4E-EB55-4F03-8E7F-94E5BA23EF64}.Release|iPhoneSimulator.Build.0 = Release|Any CPU
		{401C3C4E-EB55-4F03-8E7F-94E5BA23EF64}.Release|iPhoneSimulator.Deploy.0 = Release|Any CPU
		{401C3C4E-EB55-4F03-8E7F-94E5BA23EF64}.Release|Mixed Platforms.ActiveCfg = Release|Any CPU
		{401C3C4E-EB55-4F03-8E7F-94E5BA23EF64}.Release|Mixed Platforms.Build.0 = Release|Any CPU
		{401C3C4E-EB55-4F03-8E7F-94E5BA23EF64}.Release|Mixed Platforms.Deploy.0 = Release|Any CPU
		{401C3C4E-EB55-4F03-8E7F-94E5BA23EF64}.Release|x64.ActiveCfg = Release|Any CPU
		{401C3C4E-EB55-4F03-8E7F-94E5BA23EF64}.Release|x64.Build.0 = Release|Any CPU
		{401C3C4E-EB55-4F03-8E7F-94E5BA23EF64}.Release|x64.Deploy.0 = Release|Any CPU
		{401C3C4E-EB55-4F03-8E7F-94E5BA23EF64}.Release|x86.ActiveCfg = Release|Any CPU
		{401C3C4E-EB55-4F03-8E7F-94E5BA23EF64}.Release|x86.Build.0 = Release|Any CPU
		{401C3C4E-EB55-4F03-8E7F-94E5BA23EF64}.Release|x86.Deploy.0 = Release|Any CPU
		{2144DA75-8F4E-4C94-97DD-43DFEA1B6305}.Ad-Hoc|Any CPU.ActiveCfg = Ad-Hoc|iPhone
		{2144DA75-8F4E-4C94-97DD-43DFEA1B6305}.Ad-Hoc|ARM.ActiveCfg = Ad-Hoc|iPhone
		{2144DA75-8F4E-4C94-97DD-43DFEA1B6305}.Ad-Hoc|iPhone.ActiveCfg = Ad-Hoc|iPhone
		{2144DA75-8F4E-4C94-97DD-43DFEA1B6305}.Ad-Hoc|iPhone.Build.0 = Ad-Hoc|iPhone
		{2144DA75-8F4E-4C94-97DD-43DFEA1B6305}.Ad-Hoc|iPhoneSimulator.ActiveCfg = Ad-Hoc|iPhoneSimulator
		{2144DA75-8F4E-4C94-97DD-43DFEA1B6305}.Ad-Hoc|iPhoneSimulator.Build.0 = Ad-Hoc|iPhoneSimulator
		{2144DA75-8F4E-4C94-97DD-43DFEA1B6305}.Ad-Hoc|Mixed Platforms.ActiveCfg = Ad-Hoc|iPhone
		{2144DA75-8F4E-4C94-97DD-43DFEA1B6305}.Ad-Hoc|Mixed Platforms.Build.0 = Ad-Hoc|iPhone
		{2144DA75-8F4E-4C94-97DD-43DFEA1B6305}.Ad-Hoc|x64.ActiveCfg = Ad-Hoc|iPhone
		{2144DA75-8F4E-4C94-97DD-43DFEA1B6305}.Ad-Hoc|x86.ActiveCfg = Ad-Hoc|iPhone
		{2144DA75-8F4E-4C94-97DD-43DFEA1B6305}.AppStore|Any CPU.ActiveCfg = AppStore|iPhone
		{2144DA75-8F4E-4C94-97DD-43DFEA1B6305}.AppStore|ARM.ActiveCfg = AppStore|iPhone
		{2144DA75-8F4E-4C94-97DD-43DFEA1B6305}.AppStore|iPhone.ActiveCfg = AppStore|iPhone
		{2144DA75-8F4E-4C94-97DD-43DFEA1B6305}.AppStore|iPhone.Build.0 = AppStore|iPhone
		{2144DA75-8F4E-4C94-97DD-43DFEA1B6305}.AppStore|iPhoneSimulator.ActiveCfg = AppStore|iPhoneSimulator
		{2144DA75-8F4E-4C94-97DD-43DFEA1B6305}.AppStore|iPhoneSimulator.Build.0 = AppStore|iPhoneSimulator
		{2144DA75-8F4E-4C94-97DD-43DFEA1B6305}.AppStore|Mixed Platforms.ActiveCfg = AppStore|iPhone
		{2144DA75-8F4E-4C94-97DD-43DFEA1B6305}.AppStore|Mixed Platforms.Build.0 = AppStore|iPhone
		{2144DA75-8F4E-4C94-97DD-43DFEA1B6305}.AppStore|x64.ActiveCfg = AppStore|iPhone
		{2144DA75-8F4E-4C94-97DD-43DFEA1B6305}.AppStore|x86.ActiveCfg = AppStore|iPhone
		{2144DA75-8F4E-4C94-97DD-43DFEA1B6305}.Debug|Any CPU.ActiveCfg = Debug|iPhone
		{2144DA75-8F4E-4C94-97DD-43DFEA1B6305}.Debug|Any CPU.Build.0 = Debug|iPhone
		{2144DA75-8F4E-4C94-97DD-43DFEA1B6305}.Debug|ARM.ActiveCfg = Debug|iPhone
		{2144DA75-8F4E-4C94-97DD-43DFEA1B6305}.Debug|iPhone.ActiveCfg = Debug|iPhone
		{2144DA75-8F4E-4C94-97DD-43DFEA1B6305}.Debug|iPhone.Build.0 = Debug|iPhone
		{2144DA75-8F4E-4C94-97DD-43DFEA1B6305}.Debug|iPhoneSimulator.ActiveCfg = Debug|iPhoneSimulator
		{2144DA75-8F4E-4C94-97DD-43DFEA1B6305}.Debug|iPhoneSimulator.Build.0 = Debug|iPhoneSimulator
		{2144DA75-8F4E-4C94-97DD-43DFEA1B6305}.Debug|Mixed Platforms.ActiveCfg = Debug|iPhone
		{2144DA75-8F4E-4C94-97DD-43DFEA1B6305}.Debug|Mixed Platforms.Build.0 = Debug|iPhone
		{2144DA75-8F4E-4C94-97DD-43DFEA1B6305}.Debug|x64.ActiveCfg = Debug|iPhone
		{2144DA75-8F4E-4C94-97DD-43DFEA1B6305}.Debug|x86.ActiveCfg = Debug|iPhone
		{2144DA75-8F4E-4C94-97DD-43DFEA1B6305}.Release|Any CPU.ActiveCfg = Release|iPhone
		{2144DA75-8F4E-4C94-97DD-43DFEA1B6305}.Release|ARM.ActiveCfg = Release|iPhone
		{2144DA75-8F4E-4C94-97DD-43DFEA1B6305}.Release|iPhone.ActiveCfg = Release|iPhone
		{2144DA75-8F4E-4C94-97DD-43DFEA1B6305}.Release|iPhone.Build.0 = Release|iPhone
		{2144DA75-8F4E-4C94-97DD-43DFEA1B6305}.Release|iPhoneSimulator.ActiveCfg = Release|iPhoneSimulator
		{2144DA75-8F4E-4C94-97DD-43DFEA1B6305}.Release|iPhoneSimulator.Build.0 = Release|iPhoneSimulator
		{2144DA75-8F4E-4C94-97DD-43DFEA1B6305}.Release|Mixed Platforms.ActiveCfg = Release|iPhone
		{2144DA75-8F4E-4C94-97DD-43DFEA1B6305}.Release|Mixed Platforms.Build.0 = Release|iPhone
		{2144DA75-8F4E-4C94-97DD-43DFEA1B6305}.Release|x64.ActiveCfg = Release|iPhone
		{2144DA75-8F4E-4C94-97DD-43DFEA1B6305}.Release|x86.ActiveCfg = Release|iPhone
		{C8C4DA1C-9075-4A83-952F-6A8CC8AB9E58}.Ad-Hoc|Any CPU.ActiveCfg = Release|x64
		{C8C4DA1C-9075-4A83-952F-6A8CC8AB9E58}.Ad-Hoc|Any CPU.Build.0 = Release|x64
		{C8C4DA1C-9075-4A83-952F-6A8CC8AB9E58}.Ad-Hoc|Any CPU.Deploy.0 = Release|x64
		{C8C4DA1C-9075-4A83-952F-6A8CC8AB9E58}.Ad-Hoc|ARM.ActiveCfg = Release|ARM
		{C8C4DA1C-9075-4A83-952F-6A8CC8AB9E58}.Ad-Hoc|ARM.Build.0 = Release|ARM
		{C8C4DA1C-9075-4A83-952F-6A8CC8AB9E58}.Ad-Hoc|ARM.Deploy.0 = Release|ARM
		{C8C4DA1C-9075-4A83-952F-6A8CC8AB9E58}.Ad-Hoc|iPhone.ActiveCfg = Release|x64
		{C8C4DA1C-9075-4A83-952F-6A8CC8AB9E58}.Ad-Hoc|iPhone.Build.0 = Release|x64
		{C8C4DA1C-9075-4A83-952F-6A8CC8AB9E58}.Ad-Hoc|iPhone.Deploy.0 = Release|x64
		{C8C4DA1C-9075-4A83-952F-6A8CC8AB9E58}.Ad-Hoc|iPhoneSimulator.ActiveCfg = Release|x64
		{C8C4DA1C-9075-4A83-952F-6A8CC8AB9E58}.Ad-Hoc|iPhoneSimulator.Build.0 = Release|x64
		{C8C4DA1C-9075-4A83-952F-6A8CC8AB9E58}.Ad-Hoc|iPhoneSimulator.Deploy.0 = Release|x64
		{C8C4DA1C-9075-4A83-952F-6A8CC8AB9E58}.Ad-Hoc|Mixed Platforms.ActiveCfg = Release|x86
		{C8C4DA1C-9075-4A83-952F-6A8CC8AB9E58}.Ad-Hoc|Mixed Platforms.Build.0 = Release|x86
		{C8C4DA1C-9075-4A83-952F-6A8CC8AB9E58}.Ad-Hoc|Mixed Platforms.Deploy.0 = Release|x86
		{C8C4DA1C-9075-4A83-952F-6A8CC8AB9E58}.Ad-Hoc|x64.ActiveCfg = Release|x64
		{C8C4DA1C-9075-4A83-952F-6A8CC8AB9E58}.Ad-Hoc|x64.Build.0 = Release|x64
		{C8C4DA1C-9075-4A83-952F-6A8CC8AB9E58}.Ad-Hoc|x64.Deploy.0 = Release|x64
		{C8C4DA1C-9075-4A83-952F-6A8CC8AB9E58}.Ad-Hoc|x86.ActiveCfg = Release|x86
		{C8C4DA1C-9075-4A83-952F-6A8CC8AB9E58}.Ad-Hoc|x86.Build.0 = Release|x86
		{C8C4DA1C-9075-4A83-952F-6A8CC8AB9E58}.Ad-Hoc|x86.Deploy.0 = Release|x86
		{C8C4DA1C-9075-4A83-952F-6A8CC8AB9E58}.AppStore|Any CPU.ActiveCfg = Release|x64
		{C8C4DA1C-9075-4A83-952F-6A8CC8AB9E58}.AppStore|Any CPU.Build.0 = Release|x64
		{C8C4DA1C-9075-4A83-952F-6A8CC8AB9E58}.AppStore|Any CPU.Deploy.0 = Release|x64
		{C8C4DA1C-9075-4A83-952F-6A8CC8AB9E58}.AppStore|ARM.ActiveCfg = Release|ARM
		{C8C4DA1C-9075-4A83-952F-6A8CC8AB9E58}.AppStore|ARM.Build.0 = Release|ARM
		{C8C4DA1C-9075-4A83-952F-6A8CC8AB9E58}.AppStore|ARM.Deploy.0 = Release|ARM
		{C8C4DA1C-9075-4A83-952F-6A8CC8AB9E58}.AppStore|iPhone.ActiveCfg = Release|x64
		{C8C4DA1C-9075-4A83-952F-6A8CC8AB9E58}.AppStore|iPhone.Build.0 = Release|x64
		{C8C4DA1C-9075-4A83-952F-6A8CC8AB9E58}.AppStore|iPhone.Deploy.0 = Release|x64
		{C8C4DA1C-9075-4A83-952F-6A8CC8AB9E58}.AppStore|iPhoneSimulator.ActiveCfg = Release|x64
		{C8C4DA1C-9075-4A83-952F-6A8CC8AB9E58}.AppStore|iPhoneSimulator.Build.0 = Release|x64
		{C8C4DA1C-9075-4A83-952F-6A8CC8AB9E58}.AppStore|iPhoneSimulator.Deploy.0 = Release|x64
		{C8C4DA1C-9075-4A83-952F-6A8CC8AB9E58}.AppStore|Mixed Platforms.ActiveCfg = Release|x86
		{C8C4DA1C-9075-4A83-952F-6A8CC8AB9E58}.AppStore|Mixed Platforms.Build.0 = Release|x86
		{C8C4DA1C-9075-4A83-952F-6A8CC8AB9E58}.AppStore|Mixed Platforms.Deploy.0 = Release|x86
		{C8C4DA1C-9075-4A83-952F-6A8CC8AB9E58}.AppStore|x64.ActiveCfg = Release|x64
		{C8C4DA1C-9075-4A83-952F-6A8CC8AB9E58}.AppStore|x64.Build.0 = Release|x64
		{C8C4DA1C-9075-4A83-952F-6A8CC8AB9E58}.AppStore|x64.Deploy.0 = Release|x64
		{C8C4DA1C-9075-4A83-952F-6A8CC8AB9E58}.AppStore|x86.ActiveCfg = Release|x86
		{C8C4DA1C-9075-4A83-952F-6A8CC8AB9E58}.AppStore|x86.Build.0 = Release|x86
		{C8C4DA1C-9075-4A83-952F-6A8CC8AB9E58}.AppStore|x86.Deploy.0 = Release|x86
		{C8C4DA1C-9075-4A83-952F-6A8CC8AB9E58}.Debug|Any CPU.ActiveCfg = Debug|x86
		{C8C4DA1C-9075-4A83-952F-6A8CC8AB9E58}.Debug|Any CPU.Build.0 = Debug|x86
		{C8C4DA1C-9075-4A83-952F-6A8CC8AB9E58}.Debug|ARM.ActiveCfg = Debug|ARM
		{C8C4DA1C-9075-4A83-952F-6A8CC8AB9E58}.Debug|ARM.Build.0 = Debug|ARM
		{C8C4DA1C-9075-4A83-952F-6A8CC8AB9E58}.Debug|ARM.Deploy.0 = Debug|ARM
		{C8C4DA1C-9075-4A83-952F-6A8CC8AB9E58}.Debug|iPhone.ActiveCfg = Debug|x86
		{C8C4DA1C-9075-4A83-952F-6A8CC8AB9E58}.Debug|iPhoneSimulator.ActiveCfg = Debug|x86
		{C8C4DA1C-9075-4A83-952F-6A8CC8AB9E58}.Debug|iPhoneSimulator.Build.0 = Debug|x86
		{C8C4DA1C-9075-4A83-952F-6A8CC8AB9E58}.Debug|Mixed Platforms.ActiveCfg = Debug|x86
		{C8C4DA1C-9075-4A83-952F-6A8CC8AB9E58}.Debug|Mixed Platforms.Build.0 = Debug|x86
		{C8C4DA1C-9075-4A83-952F-6A8CC8AB9E58}.Debug|Mixed Platforms.Deploy.0 = Debug|x86
		{C8C4DA1C-9075-4A83-952F-6A8CC8AB9E58}.Debug|x64.ActiveCfg = Debug|x64
		{C8C4DA1C-9075-4A83-952F-6A8CC8AB9E58}.Debug|x64.Build.0 = Debug|x64
		{C8C4DA1C-9075-4A83-952F-6A8CC8AB9E58}.Debug|x64.Deploy.0 = Debug|x64
		{C8C4DA1C-9075-4A83-952F-6A8CC8AB9E58}.Debug|x86.ActiveCfg = Debug|x86
		{C8C4DA1C-9075-4A83-952F-6A8CC8AB9E58}.Debug|x86.Build.0 = Debug|x86
		{C8C4DA1C-9075-4A83-952F-6A8CC8AB9E58}.Debug|x86.Deploy.0 = Debug|x86
		{C8C4DA1C-9075-4A83-952F-6A8CC8AB9E58}.Release|Any CPU.ActiveCfg = Release|x86
		{C8C4DA1C-9075-4A83-952F-6A8CC8AB9E58}.Release|ARM.ActiveCfg = Release|ARM
		{C8C4DA1C-9075-4A83-952F-6A8CC8AB9E58}.Release|ARM.Build.0 = Release|ARM
		{C8C4DA1C-9075-4A83-952F-6A8CC8AB9E58}.Release|ARM.Deploy.0 = Release|ARM
		{C8C4DA1C-9075-4A83-952F-6A8CC8AB9E58}.Release|iPhone.ActiveCfg = Release|x86
		{C8C4DA1C-9075-4A83-952F-6A8CC8AB9E58}.Release|iPhoneSimulator.ActiveCfg = Release|x86
		{C8C4DA1C-9075-4A83-952F-6A8CC8AB9E58}.Release|Mixed Platforms.ActiveCfg = Release|x86
		{C8C4DA1C-9075-4A83-952F-6A8CC8AB9E58}.Release|Mixed Platforms.Build.0 = Release|x86
		{C8C4DA1C-9075-4A83-952F-6A8CC8AB9E58}.Release|Mixed Platforms.Deploy.0 = Release|x86
		{C8C4DA1C-9075-4A83-952F-6A8CC8AB9E58}.Release|x64.ActiveCfg = Release|x64
		{C8C4DA1C-9075-4A83-952F-6A8CC8AB9E58}.Release|x64.Build.0 = Release|x64
		{C8C4DA1C-9075-4A83-952F-6A8CC8AB9E58}.Release|x64.Deploy.0 = Release|x64
		{C8C4DA1C-9075-4A83-952F-6A8CC8AB9E58}.Release|x86.ActiveCfg = Release|x86
		{C8C4DA1C-9075-4A83-952F-6A8CC8AB9E58}.Release|x86.Build.0 = Release|x86
		{C8C4DA1C-9075-4A83-952F-6A8CC8AB9E58}.Release|x86.Deploy.0 = Release|x86
		{00C94504-7094-47DF-B7E5-B5414FBDF543}.Ad-Hoc|Any CPU.ActiveCfg = Debug|Any CPU
		{00C94504-7094-47DF-B7E5-B5414FBDF543}.Ad-Hoc|Any CPU.Build.0 = Debug|Any CPU
		{00C94504-7094-47DF-B7E5-B5414FBDF543}.Ad-Hoc|ARM.ActiveCfg = Debug|Any CPU
		{00C94504-7094-47DF-B7E5-B5414FBDF543}.Ad-Hoc|ARM.Build.0 = Debug|Any CPU
		{00C94504-7094-47DF-B7E5-B5414FBDF543}.Ad-Hoc|iPhone.ActiveCfg = Debug|Any CPU
		{00C94504-7094-47DF-B7E5-B5414FBDF543}.Ad-Hoc|iPhone.Build.0 = Debug|Any CPU
		{00C94504-7094-47DF-B7E5-B5414FBDF543}.Ad-Hoc|iPhoneSimulator.ActiveCfg = Debug|Any CPU
		{00C94504-7094-47DF-B7E5-B5414FBDF543}.Ad-Hoc|iPhoneSimulator.Build.0 = Debug|Any CPU
		{00C94504-7094-47DF-B7E5-B5414FBDF543}.Ad-Hoc|Mixed Platforms.ActiveCfg = Debug|Any CPU
		{00C94504-7094-47DF-B7E5-B5414FBDF543}.Ad-Hoc|Mixed Platforms.Build.0 = Debug|Any CPU
		{00C94504-7094-47DF-B7E5-B5414FBDF543}.Ad-Hoc|x64.ActiveCfg = Debug|Any CPU
		{00C94504-7094-47DF-B7E5-B5414FBDF543}.Ad-Hoc|x64.Build.0 = Debug|Any CPU
		{00C94504-7094-47DF-B7E5-B5414FBDF543}.Ad-Hoc|x86.ActiveCfg = Debug|Any CPU
		{00C94504-7094-47DF-B7E5-B5414FBDF543}.Ad-Hoc|x86.Build.0 = Debug|Any CPU
		{00C94504-7094-47DF-B7E5-B5414FBDF543}.AppStore|Any CPU.ActiveCfg = Debug|Any CPU
		{00C94504-7094-47DF-B7E5-B5414FBDF543}.AppStore|Any CPU.Build.0 = Debug|Any CPU
		{00C94504-7094-47DF-B7E5-B5414FBDF543}.AppStore|ARM.ActiveCfg = Debug|Any CPU
		{00C94504-7094-47DF-B7E5-B5414FBDF543}.AppStore|ARM.Build.0 = Debug|Any CPU
		{00C94504-7094-47DF-B7E5-B5414FBDF543}.AppStore|iPhone.ActiveCfg = Debug|Any CPU
		{00C94504-7094-47DF-B7E5-B5414FBDF543}.AppStore|iPhone.Build.0 = Debug|Any CPU
		{00C94504-7094-47DF-B7E5-B5414FBDF543}.AppStore|iPhoneSimulator.ActiveCfg = Debug|Any CPU
		{00C94504-7094-47DF-B7E5-B5414FBDF543}.AppStore|iPhoneSimulator.Build.0 = Debug|Any CPU
		{00C94504-7094-47DF-B7E5-B5414FBDF543}.AppStore|Mixed Platforms.ActiveCfg = Debug|Any CPU
		{00C94504-7094-47DF-B7E5-B5414FBDF543}.AppStore|Mixed Platforms.Build.0 = Debug|Any CPU
		{00C94504-7094-47DF-B7E5-B5414FBDF543}.AppStore|x64.ActiveCfg = Debug|Any CPU
		{00C94504-7094-47DF-B7E5-B5414FBDF543}.AppStore|x64.Build.0 = Debug|Any CPU
		{00C94504-7094-47DF-B7E5-B5414FBDF543}.AppStore|x86.ActiveCfg = Debug|Any CPU
		{00C94504-7094-47DF-B7E5-B5414FBDF543}.AppStore|x86.Build.0 = Debug|Any CPU
		{00C94504-7094-47DF-B7E5-B5414FBDF543}.Debug|Any CPU.ActiveCfg = Debug|Any CPU
		{00C94504-7094-47DF-B7E5-B5414FBDF543}.Debug|Any CPU.Build.0 = Debug|Any CPU
		{00C94504-7094-47DF-B7E5-B5414FBDF543}.Debug|ARM.ActiveCfg = Debug|Any CPU
		{00C94504-7094-47DF-B7E5-B5414FBDF543}.Debug|ARM.Build.0 = Debug|Any CPU
		{00C94504-7094-47DF-B7E5-B5414FBDF543}.Debug|iPhone.ActiveCfg = Debug|Any CPU
		{00C94504-7094-47DF-B7E5-B5414FBDF543}.Debug|iPhone.Build.0 = Debug|Any CPU
		{00C94504-7094-47DF-B7E5-B5414FBDF543}.Debug|iPhoneSimulator.ActiveCfg = Debug|Any CPU
		{00C94504-7094-47DF-B7E5-B5414FBDF543}.Debug|iPhoneSimulator.Build.0 = Debug|Any CPU
		{00C94504-7094-47DF-B7E5-B5414FBDF543}.Debug|Mixed Platforms.ActiveCfg = Debug|Any CPU
		{00C94504-7094-47DF-B7E5-B5414FBDF543}.Debug|Mixed Platforms.Build.0 = Debug|Any CPU
		{00C94504-7094-47DF-B7E5-B5414FBDF543}.Debug|x64.ActiveCfg = Debug|Any CPU
		{00C94504-7094-47DF-B7E5-B5414FBDF543}.Debug|x64.Build.0 = Debug|Any CPU
		{00C94504-7094-47DF-B7E5-B5414FBDF543}.Debug|x86.ActiveCfg = Debug|Any CPU
		{00C94504-7094-47DF-B7E5-B5414FBDF543}.Debug|x86.Build.0 = Debug|Any CPU
		{00C94504-7094-47DF-B7E5-B5414FBDF543}.Release|Any CPU.ActiveCfg = Release|Any CPU
		{00C94504-7094-47DF-B7E5-B5414FBDF543}.Release|Any CPU.Build.0 = Release|Any CPU
		{00C94504-7094-47DF-B7E5-B5414FBDF543}.Release|ARM.ActiveCfg = Release|Any CPU
		{00C94504-7094-47DF-B7E5-B5414FBDF543}.Release|ARM.Build.0 = Release|Any CPU
		{00C94504-7094-47DF-B7E5-B5414FBDF543}.Release|iPhone.ActiveCfg = Release|Any CPU
		{00C94504-7094-47DF-B7E5-B5414FBDF543}.Release|iPhone.Build.0 = Release|Any CPU
		{00C94504-7094-47DF-B7E5-B5414FBDF543}.Release|iPhoneSimulator.ActiveCfg = Release|Any CPU
		{00C94504-7094-47DF-B7E5-B5414FBDF543}.Release|iPhoneSimulator.Build.0 = Release|Any CPU
		{00C94504-7094-47DF-B7E5-B5414FBDF543}.Release|Mixed Platforms.ActiveCfg = Release|Any CPU
		{00C94504-7094-47DF-B7E5-B5414FBDF543}.Release|Mixed Platforms.Build.0 = Release|Any CPU
		{00C94504-7094-47DF-B7E5-B5414FBDF543}.Release|x64.ActiveCfg = Release|Any CPU
		{00C94504-7094-47DF-B7E5-B5414FBDF543}.Release|x64.Build.0 = Release|Any CPU
		{00C94504-7094-47DF-B7E5-B5414FBDF543}.Release|x86.ActiveCfg = Release|Any CPU
		{00C94504-7094-47DF-B7E5-B5414FBDF543}.Release|x86.Build.0 = Release|Any CPU
		{1595236A-04FC-4D89-99C2-CEB1D7F0B87E}.Ad-Hoc|Any CPU.ActiveCfg = Debug|Any CPU
		{1595236A-04FC-4D89-99C2-CEB1D7F0B87E}.Ad-Hoc|Any CPU.Build.0 = Debug|Any CPU
		{1595236A-04FC-4D89-99C2-CEB1D7F0B87E}.Ad-Hoc|ARM.ActiveCfg = Debug|Any CPU
		{1595236A-04FC-4D89-99C2-CEB1D7F0B87E}.Ad-Hoc|ARM.Build.0 = Debug|Any CPU
		{1595236A-04FC-4D89-99C2-CEB1D7F0B87E}.Ad-Hoc|iPhone.ActiveCfg = Debug|Any CPU
		{1595236A-04FC-4D89-99C2-CEB1D7F0B87E}.Ad-Hoc|iPhone.Build.0 = Debug|Any CPU
		{1595236A-04FC-4D89-99C2-CEB1D7F0B87E}.Ad-Hoc|iPhoneSimulator.ActiveCfg = Debug|Any CPU
		{1595236A-04FC-4D89-99C2-CEB1D7F0B87E}.Ad-Hoc|iPhoneSimulator.Build.0 = Debug|Any CPU
		{1595236A-04FC-4D89-99C2-CEB1D7F0B87E}.Ad-Hoc|Mixed Platforms.ActiveCfg = Debug|Any CPU
		{1595236A-04FC-4D89-99C2-CEB1D7F0B87E}.Ad-Hoc|Mixed Platforms.Build.0 = Debug|Any CPU
		{1595236A-04FC-4D89-99C2-CEB1D7F0B87E}.Ad-Hoc|x64.ActiveCfg = Debug|Any CPU
		{1595236A-04FC-4D89-99C2-CEB1D7F0B87E}.Ad-Hoc|x64.Build.0 = Debug|Any CPU
		{1595236A-04FC-4D89-99C2-CEB1D7F0B87E}.Ad-Hoc|x86.ActiveCfg = Debug|Any CPU
		{1595236A-04FC-4D89-99C2-CEB1D7F0B87E}.Ad-Hoc|x86.Build.0 = Debug|Any CPU
		{1595236A-04FC-4D89-99C2-CEB1D7F0B87E}.AppStore|Any CPU.ActiveCfg = Debug|Any CPU
		{1595236A-04FC-4D89-99C2-CEB1D7F0B87E}.AppStore|Any CPU.Build.0 = Debug|Any CPU
		{1595236A-04FC-4D89-99C2-CEB1D7F0B87E}.AppStore|ARM.ActiveCfg = Debug|Any CPU
		{1595236A-04FC-4D89-99C2-CEB1D7F0B87E}.AppStore|ARM.Build.0 = Debug|Any CPU
		{1595236A-04FC-4D89-99C2-CEB1D7F0B87E}.AppStore|iPhone.ActiveCfg = Debug|Any CPU
		{1595236A-04FC-4D89-99C2-CEB1D7F0B87E}.AppStore|iPhone.Build.0 = Debug|Any CPU
		{1595236A-04FC-4D89-99C2-CEB1D7F0B87E}.AppStore|iPhoneSimulator.ActiveCfg = Debug|Any CPU
		{1595236A-04FC-4D89-99C2-CEB1D7F0B87E}.AppStore|iPhoneSimulator.Build.0 = Debug|Any CPU
		{1595236A-04FC-4D89-99C2-CEB1D7F0B87E}.AppStore|Mixed Platforms.ActiveCfg = Debug|Any CPU
		{1595236A-04FC-4D89-99C2-CEB1D7F0B87E}.AppStore|Mixed Platforms.Build.0 = Debug|Any CPU
		{1595236A-04FC-4D89-99C2-CEB1D7F0B87E}.AppStore|x64.ActiveCfg = Debug|Any CPU
		{1595236A-04FC-4D89-99C2-CEB1D7F0B87E}.AppStore|x64.Build.0 = Debug|Any CPU
		{1595236A-04FC-4D89-99C2-CEB1D7F0B87E}.AppStore|x86.ActiveCfg = Debug|Any CPU
		{1595236A-04FC-4D89-99C2-CEB1D7F0B87E}.AppStore|x86.Build.0 = Debug|Any CPU
		{1595236A-04FC-4D89-99C2-CEB1D7F0B87E}.Debug|Any CPU.ActiveCfg = Debug|Any CPU
		{1595236A-04FC-4D89-99C2-CEB1D7F0B87E}.Debug|Any CPU.Build.0 = Debug|Any CPU
		{1595236A-04FC-4D89-99C2-CEB1D7F0B87E}.Debug|ARM.ActiveCfg = Debug|Any CPU
		{1595236A-04FC-4D89-99C2-CEB1D7F0B87E}.Debug|ARM.Build.0 = Debug|Any CPU
		{1595236A-04FC-4D89-99C2-CEB1D7F0B87E}.Debug|iPhone.ActiveCfg = Debug|Any CPU
		{1595236A-04FC-4D89-99C2-CEB1D7F0B87E}.Debug|iPhone.Build.0 = Debug|Any CPU
		{1595236A-04FC-4D89-99C2-CEB1D7F0B87E}.Debug|iPhoneSimulator.ActiveCfg = Debug|Any CPU
		{1595236A-04FC-4D89-99C2-CEB1D7F0B87E}.Debug|iPhoneSimulator.Build.0 = Debug|Any CPU
		{1595236A-04FC-4D89-99C2-CEB1D7F0B87E}.Debug|Mixed Platforms.ActiveCfg = Debug|Any CPU
		{1595236A-04FC-4D89-99C2-CEB1D7F0B87E}.Debug|Mixed Platforms.Build.0 = Debug|Any CPU
		{1595236A-04FC-4D89-99C2-CEB1D7F0B87E}.Debug|x64.ActiveCfg = Debug|Any CPU
		{1595236A-04FC-4D89-99C2-CEB1D7F0B87E}.Debug|x64.Build.0 = Debug|Any CPU
		{1595236A-04FC-4D89-99C2-CEB1D7F0B87E}.Debug|x86.ActiveCfg = Debug|Any CPU
		{1595236A-04FC-4D89-99C2-CEB1D7F0B87E}.Debug|x86.Build.0 = Debug|Any CPU
		{1595236A-04FC-4D89-99C2-CEB1D7F0B87E}.Release|Any CPU.ActiveCfg = Release|Any CPU
		{1595236A-04FC-4D89-99C2-CEB1D7F0B87E}.Release|Any CPU.Build.0 = Release|Any CPU
		{1595236A-04FC-4D89-99C2-CEB1D7F0B87E}.Release|ARM.ActiveCfg = Release|Any CPU
		{1595236A-04FC-4D89-99C2-CEB1D7F0B87E}.Release|ARM.Build.0 = Release|Any CPU
		{1595236A-04FC-4D89-99C2-CEB1D7F0B87E}.Release|iPhone.ActiveCfg = Release|Any CPU
		{1595236A-04FC-4D89-99C2-CEB1D7F0B87E}.Release|iPhone.Build.0 = Release|Any CPU
		{1595236A-04FC-4D89-99C2-CEB1D7F0B87E}.Release|iPhoneSimulator.ActiveCfg = Release|Any CPU
		{1595236A-04FC-4D89-99C2-CEB1D7F0B87E}.Release|iPhoneSimulator.Build.0 = Release|Any CPU
		{1595236A-04FC-4D89-99C2-CEB1D7F0B87E}.Release|Mixed Platforms.ActiveCfg = Release|Any CPU
		{1595236A-04FC-4D89-99C2-CEB1D7F0B87E}.Release|Mixed Platforms.Build.0 = Release|Any CPU
		{1595236A-04FC-4D89-99C2-CEB1D7F0B87E}.Release|x64.ActiveCfg = Release|Any CPU
		{1595236A-04FC-4D89-99C2-CEB1D7F0B87E}.Release|x64.Build.0 = Release|Any CPU
		{1595236A-04FC-4D89-99C2-CEB1D7F0B87E}.Release|x86.ActiveCfg = Release|Any CPU
		{1595236A-04FC-4D89-99C2-CEB1D7F0B87E}.Release|x86.Build.0 = Release|Any CPU
	EndGlobalSection
	GlobalSection(SolutionProperties) = preSolution
		HideSolutionNode = FALSE
	EndGlobalSection
	GlobalSection(NestedProjects) = preSolution
		{0F183FA6-5A54-4CE7-810A-801937115DE3} = {5A39DEF0-6E9F-4B19-ACA2-ED7CCB875D61}
		{401C3C4E-EB55-4F03-8E7F-94E5BA23EF64} = {5A39DEF0-6E9F-4B19-ACA2-ED7CCB875D61}
		{2144DA75-8F4E-4C94-97DD-43DFEA1B6305} = {5A39DEF0-6E9F-4B19-ACA2-ED7CCB875D61}
		{C8C4DA1C-9075-4A83-952F-6A8CC8AB9E58} = {5A39DEF0-6E9F-4B19-ACA2-ED7CCB875D61}
	EndGlobalSection
EndGlobal
