
Microsoft Visual Studio Solution File, Format Version 12.00
# Visual Studio 14
VisualStudioVersion = 14.0.24720.0
MinimumVisualStudioVersion = 10.0.40219.1
Project("{FAE04EC0-301F-11D3-BF4B-00C04F79EFBC}") = "ShareSample.Droid", "ShareSample\ShareSample.Droid\ShareSample.Droid.csproj", "{7B84D52C-8E2D-46B2-B725-A0D7FBA1A212}"
EndProject
Project("{FAE04EC0-301F-11D3-BF4B-00C04F79EFBC}") = "ShareSample.iOS", "ShareSample\ShareSample.iOS\ShareSample.iOS.csproj", "{6D393F80-96DF-429D-8C84-948F121B1A04}"
EndProject
Project("{FAE04EC0-301F-11D3-BF4B-00C04F79EFBC}") = "ShareSample.WinPhone", "ShareSample\ShareSample.WinPhone\ShareSample.WinPhone.csproj", "{E4EE3693-B8D3-4408-AD1F-73F6601CE90B}"
EndProject
Project("{FAE04EC0-301F-11D3-BF4B-00C04F79EFBC}") = "ShareSample", "ShareSample\ShareSample\ShareSample.csproj", "{86ECEB5F-EE1A-4090-96A9-AC375E126254}"
EndProject
Global
	GlobalSection(SolutionConfigurationPlatforms) = preSolution
		Ad-Hoc|Any CPU = Ad-Hoc|Any CPU
		Ad-Hoc|ARM = Ad-Hoc|ARM
		Ad-Hoc|iPhone = Ad-Hoc|iPhone
		Ad-Hoc|iPhoneSimulator = Ad-Hoc|iPhoneSimulator
		Ad-Hoc|x64 = Ad-Hoc|x64
		Ad-Hoc|x86 = Ad-Hoc|x86
		AppStore|Any CPU = AppStore|Any CPU
		AppStore|ARM = AppStore|ARM
		AppStore|iPhone = AppStore|iPhone
		AppStore|iPhoneSimulator = AppStore|iPhoneSimulator
		AppStore|x64 = AppStore|x64
		AppStore|x86 = AppStore|x86
		Debug|Any CPU = Debug|Any CPU
		Debug|ARM = Debug|ARM
		Debug|iPhone = Debug|iPhone
		Debug|iPhoneSimulator = Debug|iPhoneSimulator
		Debug|x64 = Debug|x64
		Debug|x86 = Debug|x86
		Release|Any CPU = Release|Any CPU
		Release|ARM = Release|ARM
		Release|iPhone = Release|iPhone
		Release|iPhoneSimulator = Release|iPhoneSimulator
		Release|x64 = Release|x64
		Release|x86 = Release|x86
	EndGlobalSection
	GlobalSection(ProjectConfigurationPlatforms) = postSolution
		{7B84D52C-8E2D-46B2-B725-A0D7FBA1A212}.Ad-Hoc|Any CPU.ActiveCfg = Release|Any CPU
		{7B84D52C-8E2D-46B2-B725-A0D7FBA1A212}.Ad-Hoc|Any CPU.Build.0 = Release|Any CPU
		{7B84D52C-8E2D-46B2-B725-A0D7FBA1A212}.Ad-Hoc|Any CPU.Deploy.0 = Release|Any CPU
		{7B84D52C-8E2D-46B2-B725-A0D7FBA1A212}.Ad-Hoc|ARM.ActiveCfg = Release|Any CPU
		{7B84D52C-8E2D-46B2-B725-A0D7FBA1A212}.Ad-Hoc|ARM.Build.0 = Release|Any CPU
		{7B84D52C-8E2D-46B2-B725-A0D7FBA1A212}.Ad-Hoc|ARM.Deploy.0 = Release|Any CPU
		{7B84D52C-8E2D-46B2-B725-A0D7FBA1A212}.Ad-Hoc|iPhone.ActiveCfg = Release|Any CPU
		{7B84D52C-8E2D-46B2-B725-A0D7FBA1A212}.Ad-Hoc|iPhone.Build.0 = Release|Any CPU
		{7B84D52C-8E2D-46B2-B725-A0D7FBA1A212}.Ad-Hoc|iPhone.Deploy.0 = Release|Any CPU
		{7B84D52C-8E2D-46B2-B725-A0D7FBA1A212}.Ad-Hoc|iPhoneSimulator.ActiveCfg = Release|Any CPU
		{7B84D52C-8E2D-46B2-B725-A0D7FBA1A212}.Ad-Hoc|iPhoneSimulator.Build.0 = Release|Any CPU
		{7B84D52C-8E2D-46B2-B725-A0D7FBA1A212}.Ad-Hoc|iPhoneSimulator.Deploy.0 = Release|Any CPU
		{7B84D52C-8E2D-46B2-B725-A0D7FBA1A212}.Ad-Hoc|x64.ActiveCfg = Release|Any CPU
		{7B84D52C-8E2D-46B2-B725-A0D7FBA1A212}.Ad-Hoc|x64.Build.0 = Release|Any CPU
		{7B84D52C-8E2D-46B2-B725-A0D7FBA1A212}.Ad-Hoc|x64.Deploy.0 = Release|Any CPU
		{7B84D52C-8E2D-46B2-B725-A0D7FBA1A212}.Ad-Hoc|x86.ActiveCfg = Release|Any CPU
		{7B84D52C-8E2D-46B2-B725-A0D7FBA1A212}.Ad-Hoc|x86.Build.0 = Release|Any CPU
		{7B84D52C-8E2D-46B2-B725-A0D7FBA1A212}.Ad-Hoc|x86.Deploy.0 = Release|Any CPU
		{7B84D52C-8E2D-46B2-B725-A0D7FBA1A212}.AppStore|Any CPU.ActiveCfg = Release|Any CPU
		{7B84D52C-8E2D-46B2-B725-A0D7FBA1A212}.AppStore|Any CPU.Build.0 = Release|Any CPU
		{7B84D52C-8E2D-46B2-B725-A0D7FBA1A212}.AppStore|Any CPU.Deploy.0 = Release|Any CPU
		{7B84D52C-8E2D-46B2-B725-A0D7FBA1A212}.AppStore|ARM.ActiveCfg = Release|Any CPU
		{7B84D52C-8E2D-46B2-B725-A0D7FBA1A212}.AppStore|ARM.Build.0 = Release|Any CPU
		{7B84D52C-8E2D-46B2-B725-A0D7FBA1A212}.AppStore|ARM.Deploy.0 = Release|Any CPU
		{7B84D52C-8E2D-46B2-B725-A0D7FBA1A212}.AppStore|iPhone.ActiveCfg = Release|Any CPU
		{7B84D52C-8E2D-46B2-B725-A0D7FBA1A212}.AppStore|iPhone.Build.0 = Release|Any CPU
		{7B84D52C-8E2D-46B2-B725-A0D7FBA1A212}.AppStore|iPhone.Deploy.0 = Release|Any CPU
		{7B84D52C-8E2D-46B2-B725-A0D7FBA1A212}.AppStore|iPhoneSimulator.ActiveCfg = Release|Any CPU
		{7B84D52C-8E2D-46B2-B725-A0D7FBA1A212}.AppStore|iPhoneSimulator.Build.0 = Release|Any CPU
		{7B84D52C-8E2D-46B2-B725-A0D7FBA1A212}.AppStore|iPhoneSimulator.Deploy.0 = Release|Any CPU
		{7B84D52C-8E2D-46B2-B725-A0D7FBA1A212}.AppStore|x64.ActiveCfg = Release|Any CPU
		{7B84D52C-8E2D-46B2-B725-A0D7FBA1A212}.AppStore|x64.Build.0 = Release|Any CPU
		{7B84D52C-8E2D-46B2-B725-A0D7FBA1A212}.AppStore|x64.Deploy.0 = Release|Any CPU
		{7B84D52C-8E2D-46B2-B725-A0D7FBA1A212}.AppStore|x86.ActiveCfg = Release|Any CPU
		{7B84D52C-8E2D-46B2-B725-A0D7FBA1A212}.AppStore|x86.Build.0 = Release|Any CPU
		{7B84D52C-8E2D-46B2-B725-A0D7FBA1A212}.AppStore|x86.Deploy.0 = Release|Any CPU
		{7B84D52C-8E2D-46B2-B725-A0D7FBA1A212}.Debug|Any CPU.ActiveCfg = Debug|Any CPU
		{7B84D52C-8E2D-46B2-B725-A0D7FBA1A212}.Debug|Any CPU.Build.0 = Debug|Any CPU
		{7B84D52C-8E2D-46B2-B725-A0D7FBA1A212}.Debug|Any CPU.Deploy.0 = Debug|Any CPU
		{7B84D52C-8E2D-46B2-B725-A0D7FBA1A212}.Debug|ARM.ActiveCfg = Debug|Any CPU
		{7B84D52C-8E2D-46B2-B725-A0D7FBA1A212}.Debug|ARM.Build.0 = Debug|Any CPU
		{7B84D52C-8E2D-46B2-B725-A0D7FBA1A212}.Debug|ARM.Deploy.0 = Debug|Any CPU
		{7B84D52C-8E2D-46B2-B725-A0D7FBA1A212}.Debug|iPhone.ActiveCfg = Debug|Any CPU
		{7B84D52C-8E2D-46B2-B725-A0D7FBA1A212}.Debug|iPhone.Build.0 = Debug|Any CPU
		{7B84D52C-8E2D-46B2-B725-A0D7FBA1A212}.Debug|iPhone.Deploy.0 = Debug|Any CPU
		{7B84D52C-8E2D-46B2-B725-A0D7FBA1A212}.Debug|iPhoneSimulator.ActiveCfg = Debug|Any CPU
		{7B84D52C-8E2D-46B2-B725-A0D7FBA1A212}.Debug|iPhoneSimulator.Build.0 = Debug|Any CPU
		{7B84D52C-8E2D-46B2-B725-A0D7FBA1A212}.Debug|iPhoneSimulator.Deploy.0 = Debug|Any CPU
		{7B84D52C-8E2D-46B2-B725-A0D7FBA1A212}.Debug|x64.ActiveCfg = Debug|Any CPU
		{7B84D52C-8E2D-46B2-B725-A0D7FBA1A212}.Debug|x64.Build.0 = Debug|Any CPU
		{7B84D52C-8E2D-46B2-B725-A0D7FBA1A212}.Debug|x64.Deploy.0 = Debug|Any CPU
		{7B84D52C-8E2D-46B2-B725-A0D7FBA1A212}.Debug|x86.ActiveCfg = Debug|Any CPU
		{7B84D52C-8E2D-46B2-B725-A0D7FBA1A212}.Debug|x86.Build.0 = Debug|Any CPU
		{7B84D52C-8E2D-46B2-B725-A0D7FBA1A212}.Debug|x86.Deploy.0 = Debug|Any CPU
		{7B84D52C-8E2D-46B2-B725-A0D7FBA1A212}.Release|Any CPU.ActiveCfg = Release|Any CPU
		{7B84D52C-8E2D-46B2-B725-A0D7FBA1A212}.Release|Any CPU.Build.0 = Release|Any CPU
		{7B84D52C-8E2D-46B2-B725-A0D7FBA1A212}.Release|Any CPU.Deploy.0 = Release|Any CPU
		{7B84D52C-8E2D-46B2-B725-A0D7FBA1A212}.Release|ARM.ActiveCfg = Release|Any CPU
		{7B84D52C-8E2D-46B2-B725-A0D7FBA1A212}.Release|ARM.Build.0 = Release|Any CPU
		{7B84D52C-8E2D-46B2-B725-A0D7FBA1A212}.Release|ARM.Deploy.0 = Release|Any CPU
		{7B84D52C-8E2D-46B2-B725-A0D7FBA1A212}.Release|iPhone.ActiveCfg = Release|Any CPU
		{7B84D52C-8E2D-46B2-B725-A0D7FBA1A212}.Release|iPhone.Build.0 = Release|Any CPU
		{7B84D52C-8E2D-46B2-B725-A0D7FBA1A212}.Release|iPhone.Deploy.0 = Release|Any CPU
		{7B84D52C-8E2D-46B2-B725-A0D7FBA1A212}.Release|iPhoneSimulator.ActiveCfg = Release|Any CPU
		{7B84D52C-8E2D-46B2-B725-A0D7FBA1A212}.Release|iPhoneSimulator.Build.0 = Release|Any CPU
		{7B84D52C-8E2D-46B2-B725-A0D7FBA1A212}.Release|iPhoneSimulator.Deploy.0 = Release|Any CPU
		{7B84D52C-8E2D-46B2-B725-A0D7FBA1A212}.Release|x64.ActiveCfg = Release|Any CPU
		{7B84D52C-8E2D-46B2-B725-A0D7FBA1A212}.Release|x64.Build.0 = Release|Any CPU
		{7B84D52C-8E2D-46B2-B725-A0D7FBA1A212}.Release|x64.Deploy.0 = Release|Any CPU
		{7B84D52C-8E2D-46B2-B725-A0D7FBA1A212}.Release|x86.ActiveCfg = Release|Any CPU
		{7B84D52C-8E2D-46B2-B725-A0D7FBA1A212}.Release|x86.Build.0 = Release|Any CPU
		{7B84D52C-8E2D-46B2-B725-A0D7FBA1A212}.Release|x86.Deploy.0 = Release|Any CPU
		{6D393F80-96DF-429D-8C84-948F121B1A04}.Ad-Hoc|Any CPU.ActiveCfg = Ad-Hoc|iPhone
		{6D393F80-96DF-429D-8C84-948F121B1A04}.Ad-Hoc|ARM.ActiveCfg = Ad-Hoc|iPhone
		{6D393F80-96DF-429D-8C84-948F121B1A04}.Ad-Hoc|iPhone.ActiveCfg = Ad-Hoc|iPhone
		{6D393F80-96DF-429D-8C84-948F121B1A04}.Ad-Hoc|iPhone.Build.0 = Ad-Hoc|iPhone
		{6D393F80-96DF-429D-8C84-948F121B1A04}.Ad-Hoc|iPhoneSimulator.ActiveCfg = Ad-Hoc|iPhoneSimulator
		{6D393F80-96DF-429D-8C84-948F121B1A04}.Ad-Hoc|iPhoneSimulator.Build.0 = Ad-Hoc|iPhoneSimulator
		{6D393F80-96DF-429D-8C84-948F121B1A04}.Ad-Hoc|x64.ActiveCfg = Ad-Hoc|iPhone
		{6D393F80-96DF-429D-8C84-948F121B1A04}.Ad-Hoc|x86.ActiveCfg = Ad-Hoc|iPhone
		{6D393F80-96DF-429D-8C84-948F121B1A04}.AppStore|Any CPU.ActiveCfg = AppStore|iPhone
		{6D393F80-96DF-429D-8C84-948F121B1A04}.AppStore|ARM.ActiveCfg = AppStore|iPhone
		{6D393F80-96DF-429D-8C84-948F121B1A04}.AppStore|iPhone.ActiveCfg = AppStore|iPhone
		{6D393F80-96DF-429D-8C84-948F121B1A04}.AppStore|iPhone.Build.0 = AppStore|iPhone
		{6D393F80-96DF-429D-8C84-948F121B1A04}.AppStore|iPhoneSimulator.ActiveCfg = AppStore|iPhoneSimulator
		{6D393F80-96DF-429D-8C84-948F121B1A04}.AppStore|iPhoneSimulator.Build.0 = AppStore|iPhoneSimulator
		{6D393F80-96DF-429D-8C84-948F121B1A04}.AppStore|x64.ActiveCfg = AppStore|iPhone
		{6D393F80-96DF-429D-8C84-948F121B1A04}.AppStore|x86.ActiveCfg = AppStore|iPhone
		{6D393F80-96DF-429D-8C84-948F121B1A04}.Debug|Any CPU.ActiveCfg = Debug|iPhone
		{6D393F80-96DF-429D-8C84-948F121B1A04}.Debug|ARM.ActiveCfg = Debug|iPhone
		{6D393F80-96DF-429D-8C84-948F121B1A04}.Debug|iPhone.ActiveCfg = Debug|iPhone
		{6D393F80-96DF-429D-8C84-948F121B1A04}.Debug|iPhone.Build.0 = Debug|iPhone
		{6D393F80-96DF-429D-8C84-948F121B1A04}.Debug|iPhoneSimulator.ActiveCfg = Debug|iPhoneSimulator
		{6D393F80-96DF-429D-8C84-948F121B1A04}.Debug|iPhoneSimulator.Build.0 = Debug|iPhoneSimulator
		{6D393F80-96DF-429D-8C84-948F121B1A04}.Debug|x64.ActiveCfg = Debug|iPhone
		{6D393F80-96DF-429D-8C84-948F121B1A04}.Debug|x86.ActiveCfg = Debug|iPhone
		{6D393F80-96DF-429D-8C84-948F121B1A04}.Release|Any CPU.ActiveCfg = Release|iPhone
		{6D393F80-96DF-429D-8C84-948F121B1A04}.Release|ARM.ActiveCfg = Release|iPhone
		{6D393F80-96DF-429D-8C84-948F121B1A04}.Release|iPhone.ActiveCfg = Release|iPhone
		{6D393F80-96DF-429D-8C84-948F121B1A04}.Release|iPhone.Build.0 = Release|iPhone
		{6D393F80-96DF-429D-8C84-948F121B1A04}.Release|iPhoneSimulator.ActiveCfg = Release|iPhoneSimulator
		{6D393F80-96DF-429D-8C84-948F121B1A04}.Release|iPhoneSimulator.Build.0 = Release|iPhoneSimulator
		{6D393F80-96DF-429D-8C84-948F121B1A04}.Release|x64.ActiveCfg = Release|iPhone
		{6D393F80-96DF-429D-8C84-948F121B1A04}.Release|x86.ActiveCfg = Release|iPhone
		{E4EE3693-B8D3-4408-AD1F-73F6601CE90B}.Ad-Hoc|Any CPU.ActiveCfg = Release|Any CPU
		{E4EE3693-B8D3-4408-AD1F-73F6601CE90B}.Ad-Hoc|Any CPU.Build.0 = Release|Any CPU
		{E4EE3693-B8D3-4408-AD1F-73F6601CE90B}.Ad-Hoc|Any CPU.Deploy.0 = Release|Any CPU
		{E4EE3693-B8D3-4408-AD1F-73F6601CE90B}.Ad-Hoc|ARM.ActiveCfg = Release|ARM
		{E4EE3693-B8D3-4408-AD1F-73F6601CE90B}.Ad-Hoc|ARM.Build.0 = Release|ARM
		{E4EE3693-B8D3-4408-AD1F-73F6601CE90B}.Ad-Hoc|ARM.Deploy.0 = Release|ARM
		{E4EE3693-B8D3-4408-AD1F-73F6601CE90B}.Ad-Hoc|iPhone.ActiveCfg = Release|Any CPU
		{E4EE3693-B8D3-4408-AD1F-73F6601CE90B}.Ad-Hoc|iPhone.Build.0 = Release|Any CPU
		{E4EE3693-B8D3-4408-AD1F-73F6601CE90B}.Ad-Hoc|iPhone.Deploy.0 = Release|Any CPU
		{E4EE3693-B8D3-4408-AD1F-73F6601CE90B}.Ad-Hoc|iPhoneSimulator.ActiveCfg = Release|Any CPU
		{E4EE3693-B8D3-4408-AD1F-73F6601CE90B}.Ad-Hoc|iPhoneSimulator.Build.0 = Release|Any CPU
		{E4EE3693-B8D3-4408-AD1F-73F6601CE90B}.Ad-Hoc|iPhoneSimulator.Deploy.0 = Release|Any CPU
		{E4EE3693-B8D3-4408-AD1F-73F6601CE90B}.Ad-Hoc|x64.ActiveCfg = Release|Any CPU
		{E4EE3693-B8D3-4408-AD1F-73F6601CE90B}.Ad-Hoc|x64.Build.0 = Release|Any CPU
		{E4EE3693-B8D3-4408-AD1F-73F6601CE90B}.Ad-Hoc|x64.Deploy.0 = Release|Any CPU
		{E4EE3693-B8D3-4408-AD1F-73F6601CE90B}.Ad-Hoc|x86.ActiveCfg = Release|x86
		{E4EE3693-B8D3-4408-AD1F-73F6601CE90B}.Ad-Hoc|x86.Build.0 = Release|x86
		{E4EE3693-B8D3-4408-AD1F-73F6601CE90B}.Ad-Hoc|x86.Deploy.0 = Release|x86
		{E4EE3693-B8D3-4408-AD1F-73F6601CE90B}.AppStore|Any CPU.ActiveCfg = Release|Any CPU
		{E4EE3693-B8D3-4408-AD1F-73F6601CE90B}.AppStore|Any CPU.Build.0 = Release|Any CPU
		{E4EE3693-B8D3-4408-AD1F-73F6601CE90B}.AppStore|Any CPU.Deploy.0 = Release|Any CPU
		{E4EE3693-B8D3-4408-AD1F-73F6601CE90B}.AppStore|ARM.ActiveCfg = Release|ARM
		{E4EE3693-B8D3-4408-AD1F-73F6601CE90B}.AppStore|ARM.Build.0 = Release|ARM
		{E4EE3693-B8D3-4408-AD1F-73F6601CE90B}.AppStore|ARM.Deploy.0 = Release|ARM
		{E4EE3693-B8D3-4408-AD1F-73F6601CE90B}.AppStore|iPhone.ActiveCfg = Release|Any CPU
		{E4EE3693-B8D3-4408-AD1F-73F6601CE90B}.AppStore|iPhone.Build.0 = Release|Any CPU
		{E4EE3693-B8D3-4408-AD1F-73F6601CE90B}.AppStore|iPhone.Deploy.0 = Release|Any CPU
		{E4EE3693-B8D3-4408-AD1F-73F6601CE90B}.AppStore|iPhoneSimulator.ActiveCfg = Release|Any CPU
		{E4EE3693-B8D3-4408-AD1F-73F6601CE90B}.AppStore|iPhoneSimulator.Build.0 = Release|Any CPU
		{E4EE3693-B8D3-4408-AD1F-73F6601CE90B}.AppStore|iPhoneSimulator.Deploy.0 = Release|Any CPU
		{E4EE3693-B8D3-4408-AD1F-73F6601CE90B}.AppStore|x64.ActiveCfg = Release|Any CPU
		{E4EE3693-B8D3-4408-AD1F-73F6601CE90B}.AppStore|x64.Build.0 = Release|Any CPU
		{E4EE3693-B8D3-4408-AD1F-73F6601CE90B}.AppStore|x64.Deploy.0 = Release|Any CPU
		{E4EE3693-B8D3-4408-AD1F-73F6601CE90B}.AppStore|x86.ActiveCfg = Release|x86
		{E4EE3693-B8D3-4408-AD1F-73F6601CE90B}.AppStore|x86.Build.0 = Release|x86
		{E4EE3693-B8D3-4408-AD1F-73F6601CE90B}.AppStore|x86.Deploy.0 = Release|x86
		{E4EE3693-B8D3-4408-AD1F-73F6601CE90B}.Debug|Any CPU.ActiveCfg = Debug|Any CPU
		{E4EE3693-B8D3-4408-AD1F-73F6601CE90B}.Debug|Any CPU.Build.0 = Debug|Any CPU
		{E4EE3693-B8D3-4408-AD1F-73F6601CE90B}.Debug|Any CPU.Deploy.0 = Debug|Any CPU
		{E4EE3693-B8D3-4408-AD1F-73F6601CE90B}.Debug|ARM.ActiveCfg = Debug|ARM
		{E4EE3693-B8D3-4408-AD1F-73F6601CE90B}.Debug|ARM.Build.0 = Debug|ARM
		{E4EE3693-B8D3-4408-AD1F-73F6601CE90B}.Debug|ARM.Deploy.0 = Debug|ARM
		{E4EE3693-B8D3-4408-AD1F-73F6601CE90B}.Debug|iPhone.ActiveCfg = Debug|Any CPU
		{E4EE3693-B8D3-4408-AD1F-73F6601CE90B}.Debug|iPhone.Build.0 = Debug|Any CPU
		{E4EE3693-B8D3-4408-AD1F-73F6601CE90B}.Debug|iPhone.Deploy.0 = Debug|Any CPU
		{E4EE3693-B8D3-4408-AD1F-73F6601CE90B}.Debug|iPhoneSimulator.ActiveCfg = Debug|Any CPU
		{E4EE3693-B8D3-4408-AD1F-73F6601CE90B}.Debug|iPhoneSimulator.Build.0 = Debug|Any CPU
		{E4EE3693-B8D3-4408-AD1F-73F6601CE90B}.Debug|iPhoneSimulator.Deploy.0 = Debug|Any CPU
		{E4EE3693-B8D3-4408-AD1F-73F6601CE90B}.Debug|x64.ActiveCfg = Debug|Any CPU
		{E4EE3693-B8D3-4408-AD1F-73F6601CE90B}.Debug|x64.Build.0 = Debug|Any CPU
		{E4EE3693-B8D3-4408-AD1F-73F6601CE90B}.Debug|x64.Deploy.0 = Debug|Any CPU
		{E4EE3693-B8D3-4408-AD1F-73F6601CE90B}.Debug|x86.ActiveCfg = Debug|x86
		{E4EE3693-B8D3-4408-AD1F-73F6601CE90B}.Debug|x86.Build.0 = Debug|x86
		{E4EE3693-B8D3-4408-AD1F-73F6601CE90B}.Debug|x86.Deploy.0 = Debug|x86
		{E4EE3693-B8D3-4408-AD1F-73F6601CE90B}.Release|Any CPU.ActiveCfg = Release|Any CPU
		{E4EE3693-B8D3-4408-AD1F-73F6601CE90B}.Release|Any CPU.Build.0 = Release|Any CPU
		{E4EE3693-B8D3-4408-AD1F-73F6601CE90B}.Release|Any CPU.Deploy.0 = Release|Any CPU
		{E4EE3693-B8D3-4408-AD1F-73F6601CE90B}.Release|ARM.ActiveCfg = Release|ARM
		{E4EE3693-B8D3-4408-AD1F-73F6601CE90B}.Release|ARM.Build.0 = Release|ARM
		{E4EE3693-B8D3-4408-AD1F-73F6601CE90B}.Release|ARM.Deploy.0 = Release|ARM
		{E4EE3693-B8D3-4408-AD1F-73F6601CE90B}.Release|iPhone.ActiveCfg = Release|Any CPU
		{E4EE3693-B8D3-4408-AD1F-73F6601CE90B}.Release|iPhone.Build.0 = Release|Any CPU
		{E4EE3693-B8D3-4408-AD1F-73F6601CE90B}.Release|iPhone.Deploy.0 = Release|Any CPU
		{E4EE3693-B8D3-4408-AD1F-73F6601CE90B}.Release|iPhoneSimulator.ActiveCfg = Release|Any CPU
		{E4EE3693-B8D3-4408-AD1F-73F6601CE90B}.Release|iPhoneSimulator.Build.0 = Release|Any CPU
		{E4EE3693-B8D3-4408-AD1F-73F6601CE90B}.Release|iPhoneSimulator.Deploy.0 = Release|Any CPU
		{E4EE3693-B8D3-4408-AD1F-73F6601CE90B}.Release|x64.ActiveCfg = Release|Any CPU
		{E4EE3693-B8D3-4408-AD1F-73F6601CE90B}.Release|x64.Build.0 = Release|Any CPU
		{E4EE3693-B8D3-4408-AD1F-73F6601CE90B}.Release|x64.Deploy.0 = Release|Any CPU
		{E4EE3693-B8D3-4408-AD1F-73F6601CE90B}.Release|x86.ActiveCfg = Release|x86
		{E4EE3693-B8D3-4408-AD1F-73F6601CE90B}.Release|x86.Build.0 = Release|x86
		{E4EE3693-B8D3-4408-AD1F-73F6601CE90B}.Release|x86.Deploy.0 = Release|x86
		{86ECEB5F-EE1A-4090-96A9-AC375E126254}.Ad-Hoc|Any CPU.ActiveCfg = Release|Any CPU
		{86ECEB5F-EE1A-4090-96A9-AC375E126254}.Ad-Hoc|Any CPU.Build.0 = Release|Any CPU
		{86ECEB5F-EE1A-4090-96A9-AC375E126254}.Ad-Hoc|ARM.ActiveCfg = Release|Any CPU
		{86ECEB5F-EE1A-4090-96A9-AC375E126254}.Ad-Hoc|ARM.Build.0 = Release|Any CPU
		{86ECEB5F-EE1A-4090-96A9-AC375E126254}.Ad-Hoc|iPhone.ActiveCfg = Release|Any CPU
		{86ECEB5F-EE1A-4090-96A9-AC375E126254}.Ad-Hoc|iPhone.Build.0 = Release|Any CPU
		{86ECEB5F-EE1A-4090-96A9-AC375E126254}.Ad-Hoc|iPhoneSimulator.ActiveCfg = Release|Any CPU
		{86ECEB5F-EE1A-4090-96A9-AC375E126254}.Ad-Hoc|iPhoneSimulator.Build.0 = Release|Any CPU
		{86ECEB5F-EE1A-4090-96A9-AC375E126254}.Ad-Hoc|x64.ActiveCfg = Release|Any CPU
		{86ECEB5F-EE1A-4090-96A9-AC375E126254}.Ad-Hoc|x64.Build.0 = Release|Any CPU
		{86ECEB5F-EE1A-4090-96A9-AC375E126254}.Ad-Hoc|x86.ActiveCfg = Release|Any CPU
		{86ECEB5F-EE1A-4090-96A9-AC375E126254}.Ad-Hoc|x86.Build.0 = Release|Any CPU
		{86ECEB5F-EE1A-4090-96A9-AC375E126254}.AppStore|Any CPU.ActiveCfg = Release|Any CPU
		{86ECEB5F-EE1A-4090-96A9-AC375E126254}.AppStore|Any CPU.Build.0 = Release|Any CPU
		{86ECEB5F-EE1A-4090-96A9-AC375E126254}.AppStore|ARM.ActiveCfg = Release|Any CPU
		{86ECEB5F-EE1A-4090-96A9-AC375E126254}.AppStore|ARM.Build.0 = Release|Any CPU
		{86ECEB5F-EE1A-4090-96A9-AC375E126254}.AppStore|iPhone.ActiveCfg = Release|Any CPU
		{86ECEB5F-EE1A-4090-96A9-AC375E126254}.AppStore|iPhone.Build.0 = Release|Any CPU
		{86ECEB5F-EE1A-4090-96A9-AC375E126254}.AppStore|iPhoneSimulator.ActiveCfg = Release|Any CPU
		{86ECEB5F-EE1A-4090-96A9-AC375E126254}.AppStore|iPhoneSimulator.Build.0 = Release|Any CPU
		{86ECEB5F-EE1A-4090-96A9-AC375E126254}.AppStore|x64.ActiveCfg = Release|Any CPU
		{86ECEB5F-EE1A-4090-96A9-AC375E126254}.AppStore|x64.Build.0 = Release|Any CPU
		{86ECEB5F-EE1A-4090-96A9-AC375E126254}.AppStore|x86.ActiveCfg = Release|Any CPU
		{86ECEB5F-EE1A-4090-96A9-AC375E126254}.AppStore|x86.Build.0 = Release|Any CPU
		{86ECEB5F-EE1A-4090-96A9-AC375E126254}.Debug|Any CPU.ActiveCfg = Debug|Any CPU
		{86ECEB5F-EE1A-4090-96A9-AC375E126254}.Debug|Any CPU.Build.0 = Debug|Any CPU
		{86ECEB5F-EE1A-4090-96A9-AC375E126254}.Debug|ARM.ActiveCfg = Debug|Any CPU
		{86ECEB5F-EE1A-4090-96A9-AC375E126254}.Debug|ARM.Build.0 = Debug|Any CPU
		{86ECEB5F-EE1A-4090-96A9-AC375E126254}.Debug|iPhone.ActiveCfg = Debug|Any CPU
		{86ECEB5F-EE1A-4090-96A9-AC375E126254}.Debug|iPhone.Build.0 = Debug|Any CPU
		{86ECEB5F-EE1A-4090-96A9-AC375E126254}.Debug|iPhoneSimulator.ActiveCfg = Debug|Any CPU
		{86ECEB5F-EE1A-4090-96A9-AC375E126254}.Debug|iPhoneSimulator.Build.0 = Debug|Any CPU
		{86ECEB5F-EE1A-4090-96A9-AC375E126254}.Debug|x64.ActiveCfg = Debug|Any CPU
		{86ECEB5F-EE1A-4090-96A9-AC375E126254}.Debug|x64.Build.0 = Debug|Any CPU
		{86ECEB5F-EE1A-4090-96A9-AC375E126254}.Debug|x86.ActiveCfg = Debug|Any CPU
		{86ECEB5F-EE1A-4090-96A9-AC375E126254}.Debug|x86.Build.0 = Debug|Any CPU
		{86ECEB5F-EE1A-4090-96A9-AC375E126254}.Release|Any CPU.ActiveCfg = Release|Any CPU
		{86ECEB5F-EE1A-4090-96A9-AC375E126254}.Release|Any CPU.Build.0 = Release|Any CPU
		{86ECEB5F-EE1A-4090-96A9-AC375E126254}.Release|ARM.ActiveCfg = Release|Any CPU
		{86ECEB5F-EE1A-4090-96A9-AC375E126254}.Release|ARM.Build.0 = Release|Any CPU
		{86ECEB5F-EE1A-4090-96A9-AC375E126254}.Release|iPhone.ActiveCfg = Release|Any CPU
		{86ECEB5F-EE1A-4090-96A9-AC375E126254}.Release|iPhone.Build.0 = Release|Any CPU
		{86ECEB5F-EE1A-4090-96A9-AC375E126254}.Release|iPhoneSimulator.ActiveCfg = Release|Any CPU
		{86ECEB5F-EE1A-4090-96A9-AC375E126254}.Release|iPhoneSimulator.Build.0 = Release|Any CPU
		{86ECEB5F-EE1A-4090-96A9-AC375E126254}.Release|x64.ActiveCfg = Release|Any CPU
		{86ECEB5F-EE1A-4090-96A9-AC375E126254}.Release|x64.Build.0 = Release|Any CPU
		{86ECEB5F-EE1A-4090-96A9-AC375E126254}.Release|x86.ActiveCfg = Release|Any CPU
		{86ECEB5F-EE1A-4090-96A9-AC375E126254}.Release|x86.Build.0 = Release|Any CPU
	EndGlobalSection
	GlobalSection(SolutionProperties) = preSolution
		HideSolutionNode = FALSE
	EndGlobalSection
EndGlobal
